// !$*UTF8*$!
{
	archiveVersion = 1;
	classes = {
	};
	objectVersion = 46;
	objects = {

/* Begin PBXBuildFile section */
		5E2DDD507AFC5A2FC706C802 /* libPods-TTNews.a in Frameworks */ = {isa = PBXBuildFile; fileRef = C4C26A241D42CCF389274A89 /* libPods-TTNews.a */; };
		7D4937D66844CF5F5FCBDB08 /* libPods-TTNewsTests.a in Frameworks */ = {isa = PBXBuildFile; fileRef = 8BA86FD4B9FFE3FDD3FFE7EA /* libPods-TTNewsTests.a */; };
		DAC65C751DF2D5080090369A /* MHFacebookImageViewer.m in Sources */ = {isa = PBXBuildFile; fileRef = DAC65BBE1DF2D5070090369A /* MHFacebookImageViewer.m */; };
		DAC65C761DF2D5080090369A /* UIImageView+MHFacebookImageViewer.m in Sources */ = {isa = PBXBuildFile; fileRef = DAC65BC01DF2D5070090369A /* UIImageView+MHFacebookImageViewer.m */; };
		DAC65C771DF2D5080090369A /* AppInfoViewController.m in Sources */ = {isa = PBXBuildFile; fileRef = DAC65BC41DF2D5070090369A /* AppInfoViewController.m */; };
		DAC65C781DF2D5080090369A /* AppInfoViewController.xib in Resources */ = {isa = PBXBuildFile; fileRef = DAC65BC51DF2D5070090369A /* AppInfoViewController.xib */; };
		DAC65C791DF2D5080090369A /* EditUserInfoViewController.m in Sources */ = {isa = PBXBuildFile; fileRef = DAC65BC71DF2D5070090369A /* EditUserInfoViewController.m */; };
		DAC65C7A1DF2D5080090369A /* EditUserInfoViewController.xib in Resources */ = {isa = PBXBuildFile; fileRef = DAC65BC81DF2D5070090369A /* EditUserInfoViewController.xib */; };
		DAC65C7B1DF2D5080090369A /* MeTableViewController.m in Sources */ = {isa = PBXBuildFile; fileRef = DAC65BCA1DF2D5070090369A /* MeTableViewController.m */; };
		DAC65C7C1DF2D5080090369A /* SendFeedbackViewController.m in Sources */ = {isa = PBXBuildFile; fileRef = DAC65BCC1DF2D5070090369A /* SendFeedbackViewController.m */; };
		DAC65C7D1DF2D5080090369A /* TTFindPasswordViewController.m in Sources */ = {isa = PBXBuildFile; fileRef = DAC65BCF1DF2D5070090369A /* TTFindPasswordViewController.m */; };
		DAC65C7E1DF2D5080090369A /* TTFindPasswordViewController.xib in Resources */ = {isa = PBXBuildFile; fileRef = DAC65BD01DF2D5070090369A /* TTFindPasswordViewController.xib */; };
		DAC65C7F1DF2D5080090369A /* TTLoginViewController.m in Sources */ = {isa = PBXBuildFile; fileRef = DAC65BD21DF2D5070090369A /* TTLoginViewController.m */; };
		DAC65C801DF2D5080090369A /* TTLoginViewController.xib in Resources */ = {isa = PBXBuildFile; fileRef = DAC65BD31DF2D5070090369A /* TTLoginViewController.xib */; };
		DAC65C811DF2D5080090369A /* TTMailRegisterViewController.m in Sources */ = {isa = PBXBuildFile; fileRef = DAC65BD51DF2D5070090369A /* TTMailRegisterViewController.m */; };
		DAC65C821DF2D5080090369A /* TTMailRegisterViewController.xib in Resources */ = {isa = PBXBuildFile; fileRef = DAC65BD61DF2D5070090369A /* TTMailRegisterViewController.xib */; };
		DAC65C831DF2D5080090369A /* TTRegisterViewController.m in Sources */ = {isa = PBXBuildFile; fileRef = DAC65BD81DF2D5070090369A /* TTRegisterViewController.m */; };
		DAC65C841DF2D5080090369A /* TTRegisterViewController.xib in Resources */ = {isa = PBXBuildFile; fileRef = DAC65BD91DF2D5070090369A /* TTRegisterViewController.xib */; };
		DAC65C851DF2D5080090369A /* DisclosureCell.m in Sources */ = {isa = PBXBuildFile; fileRef = DAC65BDC1DF2D5070090369A /* DisclosureCell.m */; };
		DAC65C861DF2D5080090369A /* SwitchCell.m in Sources */ = {isa = PBXBuildFile; fileRef = DAC65BDE1DF2D5070090369A /* SwitchCell.m */; };
		DAC65C871DF2D5080090369A /* TwoLabelCell.m in Sources */ = {isa = PBXBuildFile; fileRef = DAC65BE01DF2D5070090369A /* TwoLabelCell.m */; };
		DAC65C881DF2D5080090369A /* UserInfoCell.m in Sources */ = {isa = PBXBuildFile; fileRef = DAC65BE21DF2D5070090369A /* UserInfoCell.m */; };
		DAC65C891DF2D5080090369A /* ContentTableViewController.m in Sources */ = {isa = PBXBuildFile; fileRef = DAC65BE61DF2D5070090369A /* ContentTableViewController.m */; };
		DAC65C8A1DF2D5080090369A /* DetailViewController.m in Sources */ = {isa = PBXBuildFile; fileRef = DAC65BE81DF2D5070090369A /* DetailViewController.m */; };
		DAC65C8B1DF2D5080090369A /* NewsViewController.m in Sources */ = {isa = PBXBuildFile; fileRef = DAC65BEA1DF2D5070090369A /* NewsViewController.m */; };
		DAC65C8C1DF2D5080090369A /* ShowMultiPictureViewController.m in Sources */ = {isa = PBXBuildFile; fileRef = DAC65BEC1DF2D5070090369A /* ShowMultiPictureViewController.m */; };
		DAC65C8F1DF2D5080090369A /* TTHeaderNews.m in Sources */ = {isa = PBXBuildFile; fileRef = DAC65BF31DF2D5070090369A /* TTHeaderNews.m */; };
		DAC65C901DF2D5080090369A /* TTNormalNews.m in Sources */ = {isa = PBXBuildFile; fileRef = DAC65BF51DF2D5070090369A /* TTNormalNews.m */; };
		DAC65C911DF2D5080090369A /* TWNewsEntity.m in Sources */ = {isa = PBXBuildFile; fileRef = DAC65BF71DF2D5070090369A /* TWNewsEntity.m */; };
		DAC65C921DF2D5080090369A /* BigPictureTableViewCell.m in Sources */ = {isa = PBXBuildFile; fileRef = DAC65BFA1DF2D5070090369A /* BigPictureTableViewCell.m */; };
		DAC65C931DF2D5080090369A /* BigPictureTableViewCell.xib in Resources */ = {isa = PBXBuildFile; fileRef = DAC65BFB1DF2D5070090369A /* BigPictureTableViewCell.xib */; };
		DAC65C941DF2D5080090369A /* ChannelCollectionViewCell.m in Sources */ = {isa = PBXBuildFile; fileRef = DAC65BFD1DF2D5070090369A /* ChannelCollectionViewCell.m */; };
		DAC65C951DF2D5080090369A /* ChannelCollectionViewCell.xib in Resources */ = {isa = PBXBuildFile; fileRef = DAC65BFE1DF2D5070090369A /* ChannelCollectionViewCell.xib */; };
		DAC65C961DF2D5080090369A /* ChannelsSectionHeaderView.m in Sources */ = {isa = PBXBuildFile; fileRef = DAC65C001DF2D5070090369A /* ChannelsSectionHeaderView.m */; };
		DAC65C971DF2D5080090369A /* MultiPictureTableViewCell.m in Sources */ = {isa = PBXBuildFile; fileRef = DAC65C021DF2D5070090369A /* MultiPictureTableViewCell.m */; };
		DAC65C981DF2D5080090369A /* MultiPictureTableViewCell.xib in Resources */ = {isa = PBXBuildFile; fileRef = DAC65C031DF2D5070090369A /* MultiPictureTableViewCell.xib */; };
		DAC65C991DF2D5080090369A /* NoPictureNewsTableViewCell.m in Sources */ = {isa = PBXBuildFile; fileRef = DAC65C051DF2D5070090369A /* NoPictureNewsTableViewCell.m */; };
		DAC65C9A1DF2D5080090369A /* NoPictureNewsTableViewCell.xib in Resources */ = {isa = PBXBuildFile; fileRef = DAC65C061DF2D5070090369A /* NoPictureNewsTableViewCell.xib */; };
		DAC65C9B1DF2D5080090369A /* SinglePictureNewsTableViewCell.m in Sources */ = {isa = PBXBuildFile; fileRef = DAC65C081DF2D5070090369A /* SinglePictureNewsTableViewCell.m */; };
		DAC65C9C1DF2D5080090369A /* SinglePictureNewsTableViewCell.xib in Resources */ = {isa = PBXBuildFile; fileRef = DAC65C091DF2D5070090369A /* SinglePictureNewsTableViewCell.xib */; };
		DAC65C9D1DF2D5080090369A /* TopPictureTableViewCell.m in Sources */ = {isa = PBXBuildFile; fileRef = DAC65C0B1DF2D5070090369A /* TopPictureTableViewCell.m */; };
		DAC65C9E1DF2D5080090369A /* TopPictureTableViewCell.xib in Resources */ = {isa = PBXBuildFile; fileRef = DAC65C0C1DF2D5070090369A /* TopPictureTableViewCell.xib */; };
		DAC65C9F1DF2D5080090369A /* TopTextTableViewCell.m in Sources */ = {isa = PBXBuildFile; fileRef = DAC65C0E1DF2D5070090369A /* TopTextTableViewCell.m */; };
		DAC65CA01DF2D5080090369A /* TopTextTableViewCell.xib in Resources */ = {isa = PBXBuildFile; fileRef = DAC65C0F1DF2D5070090369A /* TopTextTableViewCell.xib */; };
		DAC65CA11DF2D5080090369A /* TTImageCyclePlayView.m in Sources */ = {isa = PBXBuildFile; fileRef = DAC65C111DF2D5070090369A /* TTImageCyclePlayView.m */; };
		DAC65CA21DF2D5080090369A /* TTTopChannelContianerView.m in Sources */ = {isa = PBXBuildFile; fileRef = DAC65C131DF2D5070090369A /* TTTopChannelContianerView.m */; };
		DAC65CA31DF2D5080090369A /* Foundation+Log.m in Sources */ = {isa = PBXBuildFile; fileRef = DAC65C161DF2D5070090369A /* Foundation+Log.m */; };
		DAC65CA41DF2D5080090369A /* NSDate+Extension.m in Sources */ = {isa = PBXBuildFile; fileRef = DAC65C181DF2D5070090369A /* NSDate+Extension.m */; };
		DAC65CA51DF2D5080090369A /* NSObject+Extension.m in Sources */ = {isa = PBXBuildFile; fileRef = DAC65C1A1DF2D5070090369A /* NSObject+Extension.m */; };
		DAC65CA61DF2D5080090369A /* NSString+Extension.m in Sources */ = {isa = PBXBuildFile; fileRef = DAC65C1C1DF2D5070090369A /* NSString+Extension.m */; };
		DAC65CA71DF2D5080090369A /* UIBarButtonItem+Extension.m in Sources */ = {isa = PBXBuildFile; fileRef = DAC65C1E1DF2D5070090369A /* UIBarButtonItem+Extension.m */; };
		DAC65CA81DF2D5080090369A /* UIImage+Extension.m in Sources */ = {isa = PBXBuildFile; fileRef = DAC65C201DF2D5070090369A /* UIImage+Extension.m */; };
		DAC65CA91DF2D5080090369A /* UIImageView+Extension.m in Sources */ = {isa = PBXBuildFile; fileRef = DAC65C221DF2D5070090369A /* UIImageView+Extension.m */; };
		DAC65CAA1DF2D5080090369A /* UIView+Extension.m in Sources */ = {isa = PBXBuildFile; fileRef = DAC65C241DF2D5070090369A /* UIView+Extension.m */; };
		DAC65CAB1DF2D5080090369A /* TTConst.m in Sources */ = {isa = PBXBuildFile; fileRef = DAC65C271DF2D5070090369A /* TTConst.m */; };
		DAC65CAC1DF2D5080090369A /* TTDataTool.m in Sources */ = {isa = PBXBuildFile; fileRef = DAC65C291DF2D5070090369A /* TTDataTool.m */; };
		DAC65CAD1DF2D5080090369A /* TTNetworkManager.m in Sources */ = {isa = PBXBuildFile; fileRef = DAC65C2B1DF2D5070090369A /* TTNetworkManager.m */; };
		DAC65CAE1DF2D5080090369A /* TTNormalNewsFetchDataParameter.m in Sources */ = {isa = PBXBuildFile; fileRef = DAC65C2D1DF2D5070090369A /* TTNormalNewsFetchDataParameter.m */; };
		DAC65CAF1DF2D5080090369A /* TTPictureFetchDataParameter.m in Sources */ = {isa = PBXBuildFile; fileRef = DAC65C2F1DF2D5070090369A /* TTPictureFetchDataParameter.m */; };
		DAC65CB01DF2D5080090369A /* TTVideoFetchDataParameter.m in Sources */ = {isa = PBXBuildFile; fileRef = DAC65C311DF2D5070090369A /* TTVideoFetchDataParameter.m */; };
		DAC65CB61DF2D5080090369A /* Reachability.m in Sources */ = {isa = PBXBuildFile; fileRef = DAC65C3F1DF2D5070090369A /* Reachability.m */; };
		DAC65CB71DF2D5080090369A /* TTJudgeNetworking.m in Sources */ = {isa = PBXBuildFile; fileRef = DAC65C411DF2D5070090369A /* TTJudgeNetworking.m */; };
		DAC65CB81DF2D5080090369A /* PictureCommentViewController.m in Sources */ = {isa = PBXBuildFile; fileRef = DAC65C451DF2D5070090369A /* PictureCommentViewController.m */; };
		DAC65CB91DF2D5080090369A /* PictureCommentViewController.xib in Resources */ = {isa = PBXBuildFile; fileRef = DAC65C461DF2D5070090369A /* PictureCommentViewController.xib */; };
		DAC65CBA1DF2D5080090369A /* PictureViewController.m in Sources */ = {isa = PBXBuildFile; fileRef = DAC65C481DF2D5070090369A /* PictureViewController.m */; };
		DAC65CBB1DF2D5080090369A /* TTPicture.m in Sources */ = {isa = PBXBuildFile; fileRef = DAC65C4B1DF2D5070090369A /* TTPicture.m */; };
		DAC65CBC1DF2D5080090369A /* TTPictureComment.m in Sources */ = {isa = PBXBuildFile; fileRef = DAC65C4D1DF2D5070090369A /* TTPictureComment.m */; };
		DAC65CBD1DF2D5080090369A /* TTPictureUser.m in Sources */ = {isa = PBXBuildFile; fileRef = DAC65C4F1DF2D5070090369A /* TTPictureUser.m */; };
		DAC65CBE1DF2D5080090369A /* PictureCommentCell.m in Sources */ = {isa = PBXBuildFile; fileRef = DAC65C521DF2D5070090369A /* PictureCommentCell.m */; };
		DAC65CBF1DF2D5080090369A /* PictureCommentCell.xib in Resources */ = {isa = PBXBuildFile; fileRef = DAC65C531DF2D5070090369A /* PictureCommentCell.xib */; };
		DAC65CC01DF2D5080090369A /* PictureTableViewCell.m in Sources */ = {isa = PBXBuildFile; fileRef = DAC65C551DF2D5070090369A /* PictureTableViewCell.m */; };
		DAC65CC11DF2D5080090369A /* PictureTableViewCell.xib in Resources */ = {isa = PBXBuildFile; fileRef = DAC65C561DF2D5070090369A /* PictureTableViewCell.xib */; };
		DAC65CC21DF2D5080090369A /* ShowBigPictureViewController.m in Sources */ = {isa = PBXBuildFile; fileRef = DAC65C581DF2D5070090369A /* ShowBigPictureViewController.m */; };
		DAC65CC31DF2D5080090369A /* ShowBigPictureViewController.xib in Resources */ = {isa = PBXBuildFile; fileRef = DAC65C591DF2D5070090369A /* ShowBigPictureViewController.xib */; };
		DAC65CC41DF2D5080090369A /* VideoCommentViewController.m in Sources */ = {isa = PBXBuildFile; fileRef = DAC65C5D1DF2D5080090369A /* VideoCommentViewController.m */; };
		DAC65CC51DF2D5080090369A /* VideoCommentViewController.xib in Resources */ = {isa = PBXBuildFile; fileRef = DAC65C5E1DF2D5080090369A /* VideoCommentViewController.xib */; };
		DAC65CC61DF2D5080090369A /* VideoViewController.m in Sources */ = {isa = PBXBuildFile; fileRef = DAC65C601DF2D5080090369A /* VideoViewController.m */; };
		DAC65CC71DF2D5080090369A /* TTVideo.m in Sources */ = {isa = PBXBuildFile; fileRef = DAC65C631DF2D5080090369A /* TTVideo.m */; };
		DAC65CC81DF2D5080090369A /* TTVideoComment.m in Sources */ = {isa = PBXBuildFile; fileRef = DAC65C651DF2D5080090369A /* TTVideoComment.m */; };
		DAC65CC91DF2D5080090369A /* TTVideoUser.m in Sources */ = {isa = PBXBuildFile; fileRef = DAC65C671DF2D5080090369A /* TTVideoUser.m */; };
		DAC65CCA1DF2D5080090369A /* FullViewController.m in Sources */ = {isa = PBXBuildFile; fileRef = DAC65C6A1DF2D5080090369A /* FullViewController.m */; };
		DAC65CCB1DF2D5080090369A /* VideoPlayView.m in Sources */ = {isa = PBXBuildFile; fileRef = DAC65C6C1DF2D5080090369A /* VideoPlayView.m */; };
		DAC65CCC1DF2D5080090369A /* VideoPlayView.xib in Resources */ = {isa = PBXBuildFile; fileRef = DAC65C6D1DF2D5080090369A /* VideoPlayView.xib */; };
		DAC65CCD1DF2D5080090369A /* VideoCommentCell.m in Sources */ = {isa = PBXBuildFile; fileRef = DAC65C701DF2D5080090369A /* VideoCommentCell.m */; };
		DAC65CCE1DF2D5080090369A /* VideoCommentCell.xib in Resources */ = {isa = PBXBuildFile; fileRef = DAC65C711DF2D5080090369A /* VideoCommentCell.xib */; };
		DAC65CCF1DF2D5080090369A /* VideoTableViewCell.m in Sources */ = {isa = PBXBuildFile; fileRef = DAC65C731DF2D5080090369A /* VideoTableViewCell.m */; };
		DAC65CD01DF2D5080090369A /* VideoTableViewCell.xib in Resources */ = {isa = PBXBuildFile; fileRef = DAC65C741DF2D5080090369A /* VideoTableViewCell.xib */; };
		DAC65CE91DF307900090369A /* SXNetworkTools.m in Sources */ = {isa = PBXBuildFile; fileRef = DAC65CE61DF307900090369A /* SXNetworkTools.m */; };
		DAC65CEA1DF307900090369A /* SXNewsEntity.m in Sources */ = {isa = PBXBuildFile; fileRef = DAC65CE81DF307900090369A /* SXNewsEntity.m */; };
		DAC65CF61DF311430090369A /* AppDelegate.m in Sources */ = {isa = PBXBuildFile; fileRef = DAC65CED1DF311430090369A /* AppDelegate.m */; };
		DAC65CF71DF311430090369A /* TTBaseModel.m in Sources */ = {isa = PBXBuildFile; fileRef = DAC65CEF1DF311430090369A /* TTBaseModel.m */; };
		DAC65CF81DF311430090369A /* TTBaseViewController.m in Sources */ = {isa = PBXBuildFile; fileRef = DAC65CF11DF311430090369A /* TTBaseViewController.m */; };
		DAC65CF91DF311430090369A /* TTNavigationController.m in Sources */ = {isa = PBXBuildFile; fileRef = DAC65CF31DF311430090369A /* TTNavigationController.m */; };
		DAC65CFA1DF311430090369A /* TTTabBarController.m in Sources */ = {isa = PBXBuildFile; fileRef = DAC65CF51DF311430090369A /* TTTabBarController.m */; };
		E0C9598EA91F8C8BFE604B7B /* libPods-TTNewsUITests.a in Frameworks */ = {isa = PBXBuildFile; fileRef = 0D813C1B45D80A6E775754DA /* libPods-TTNewsUITests.a */; };
		EE4635C81CC72B8900DB248F /* main.m in Sources */ = {isa = PBXBuildFile; fileRef = EE4635C71CC72B8900DB248F /* main.m */; };
		EE4635D31CC72B8900DB248F /* Assets.xcassets in Resources */ = {isa = PBXBuildFile; fileRef = EE4635D21CC72B8900DB248F /* Assets.xcassets */; };
		EE4635E11CC72B8A00DB248F /* TTNewsTests.m in Sources */ = {isa = PBXBuildFile; fileRef = EE4635E01CC72B8A00DB248F /* TTNewsTests.m */; };
		EE4635EC1CC72B8A00DB248F /* TTNewsUITests.m in Sources */ = {isa = PBXBuildFile; fileRef = EE4635EB1CC72B8A00DB248F /* TTNewsUITests.m */; };
		EE4636B81CC7499D00DB248F /* LaunchScreen.xib in Resources */ = {isa = PBXBuildFile; fileRef = EE4636B71CC7499D00DB248F /* LaunchScreen.xib */; };
		EE4BEB5D1D5480E400B4A035 /* NewsURLs.plist in Resources */ = {isa = PBXBuildFile; fileRef = EE4BEB5C1D5480E400B4A035 /* NewsURLs.plist */; };
/* End PBXBuildFile section */

/* Begin PBXContainerItemProxy section */
		EE4635DD1CC72B8A00DB248F /* PBXContainerItemProxy */ = {
			isa = PBXContainerItemProxy;
			containerPortal = EE4635BB1CC72B8900DB248F /* Project object */;
			proxyType = 1;
			remoteGlobalIDString = EE4635C21CC72B8900DB248F;
			remoteInfo = TTNews;
		};
		EE4635E81CC72B8A00DB248F /* PBXContainerItemProxy */ = {
			isa = PBXContainerItemProxy;
			containerPortal = EE4635BB1CC72B8900DB248F /* Project object */;
			proxyType = 1;
			remoteGlobalIDString = EE4635C21CC72B8900DB248F;
			remoteInfo = TTNews;
		};
/* End PBXContainerItemProxy section */

/* Begin PBXFileReference section */
		0D813C1B45D80A6E775754DA /* libPods-TTNewsUITests.a */ = {isa = PBXFileReference; explicitFileType = archive.ar; includeInIndex = 0; path = "libPods-TTNewsUITests.a"; sourceTree = BUILT_PRODUCTS_DIR; };
		132552EF2D80D2E4365ED3F2 /* Pods-TTNews.release.xcconfig */ = {isa = PBXFileReference; includeInIndex = 1; lastKnownFileType = text.xcconfig; name = "Pods-TTNews.release.xcconfig"; path = "Pods/Target Support Files/Pods-TTNews/Pods-TTNews.release.xcconfig"; sourceTree = "<group>"; };
		373F4821046AAF12624F5518 /* Pods-TTNewsUITests.debug.xcconfig */ = {isa = PBXFileReference; includeInIndex = 1; lastKnownFileType = text.xcconfig; name = "Pods-TTNewsUITests.debug.xcconfig"; path = "Pods/Target Support Files/Pods-TTNewsUITests/Pods-TTNewsUITests.debug.xcconfig"; sourceTree = "<group>"; };
		464D9516F5B826C135440B72 /* Pods-TTNewsUITests.release.xcconfig */ = {isa = PBXFileReference; includeInIndex = 1; lastKnownFileType = text.xcconfig; name = "Pods-TTNewsUITests.release.xcconfig"; path = "Pods/Target Support Files/Pods-TTNewsUITests/Pods-TTNewsUITests.release.xcconfig"; sourceTree = "<group>"; };
		721F57CF16949E7ACBD32EB8 /* Pods-TTNewsTests.debug.xcconfig */ = {isa = PBXFileReference; includeInIndex = 1; lastKnownFileType = text.xcconfig; name = "Pods-TTNewsTests.debug.xcconfig"; path = "Pods/Target Support Files/Pods-TTNewsTests/Pods-TTNewsTests.debug.xcconfig"; sourceTree = "<group>"; };
		8BA86FD4B9FFE3FDD3FFE7EA /* libPods-TTNewsTests.a */ = {isa = PBXFileReference; explicitFileType = archive.ar; includeInIndex = 0; path = "libPods-TTNewsTests.a"; sourceTree = BUILT_PRODUCTS_DIR; };
		96E44656E97FFEA8726671D5 /* Pods-TTNews.debug.xcconfig */ = {isa = PBXFileReference; includeInIndex = 1; lastKnownFileType = text.xcconfig; name = "Pods-TTNews.debug.xcconfig"; path = "Pods/Target Support Files/Pods-TTNews/Pods-TTNews.debug.xcconfig"; sourceTree = "<group>"; };
		BD2F2D1CCC7CC93810CE5EB9 /* Pods-TTNewsTests.release.xcconfig */ = {isa = PBXFileReference; includeInIndex = 1; lastKnownFileType = text.xcconfig; name = "Pods-TTNewsTests.release.xcconfig"; path = "Pods/Target Support Files/Pods-TTNewsTests/Pods-TTNewsTests.release.xcconfig"; sourceTree = "<group>"; };
		C4C26A241D42CCF389274A89 /* libPods-TTNews.a */ = {isa = PBXFileReference; explicitFileType = archive.ar; includeInIndex = 0; path = "libPods-TTNews.a"; sourceTree = BUILT_PRODUCTS_DIR; };
		DA2F26D01DDDE495002BD87B /* TTDefines.h */ = {isa = PBXFileReference; lastKnownFileType = sourcecode.c.h; path = TTDefines.h; sourceTree = "<group>"; };
		DAAEBD421DF2B054002D82CF /* TTNews.pch */ = {isa = PBXFileReference; fileEncoding = 4; lastKnownFileType = sourcecode.c.h; path = TTNews.pch; sourceTree = "<group>"; };
		DAC65BBD1DF2D5070090369A /* MHFacebookImageViewer.h */ = {isa = PBXFileReference; fileEncoding = 4; lastKnownFileType = sourcecode.c.h; path = MHFacebookImageViewer.h; sourceTree = "<group>"; };
		DAC65BBE1DF2D5070090369A /* MHFacebookImageViewer.m */ = {isa = PBXFileReference; fileEncoding = 4; lastKnownFileType = sourcecode.c.objc; path = MHFacebookImageViewer.m; sourceTree = "<group>"; };
		DAC65BBF1DF2D5070090369A /* UIImageView+MHFacebookImageViewer.h */ = {isa = PBXFileReference; fileEncoding = 4; lastKnownFileType = sourcecode.c.h; path = "UIImageView+MHFacebookImageViewer.h"; sourceTree = "<group>"; };
		DAC65BC01DF2D5070090369A /* UIImageView+MHFacebookImageViewer.m */ = {isa = PBXFileReference; fileEncoding = 4; lastKnownFileType = sourcecode.c.objc; path = "UIImageView+MHFacebookImageViewer.m"; sourceTree = "<group>"; };
		DAC65BC31DF2D5070090369A /* AppInfoViewController.h */ = {isa = PBXFileReference; fileEncoding = 4; lastKnownFileType = sourcecode.c.h; path = AppInfoViewController.h; sourceTree = "<group>"; };
		DAC65BC41DF2D5070090369A /* AppInfoViewController.m */ = {isa = PBXFileReference; fileEncoding = 4; lastKnownFileType = sourcecode.c.objc; path = AppInfoViewController.m; sourceTree = "<group>"; };
		DAC65BC51DF2D5070090369A /* AppInfoViewController.xib */ = {isa = PBXFileReference; fileEncoding = 4; lastKnownFileType = file.xib; path = AppInfoViewController.xib; sourceTree = "<group>"; };
		DAC65BC61DF2D5070090369A /* EditUserInfoViewController.h */ = {isa = PBXFileReference; fileEncoding = 4; lastKnownFileType = sourcecode.c.h; path = EditUserInfoViewController.h; sourceTree = "<group>"; };
		DAC65BC71DF2D5070090369A /* EditUserInfoViewController.m */ = {isa = PBXFileReference; fileEncoding = 4; lastKnownFileType = sourcecode.c.objc; path = EditUserInfoViewController.m; sourceTree = "<group>"; };
		DAC65BC81DF2D5070090369A /* EditUserInfoViewController.xib */ = {isa = PBXFileReference; fileEncoding = 4; lastKnownFileType = file.xib; path = EditUserInfoViewController.xib; sourceTree = "<group>"; };
		DAC65BC91DF2D5070090369A /* MeTableViewController.h */ = {isa = PBXFileReference; fileEncoding = 4; lastKnownFileType = sourcecode.c.h; path = MeTableViewController.h; sourceTree = "<group>"; };
		DAC65BCA1DF2D5070090369A /* MeTableViewController.m */ = {isa = PBXFileReference; fileEncoding = 4; lastKnownFileType = sourcecode.c.objc; path = MeTableViewController.m; sourceTree = "<group>"; };
		DAC65BCB1DF2D5070090369A /* SendFeedbackViewController.h */ = {isa = PBXFileReference; fileEncoding = 4; lastKnownFileType = sourcecode.c.h; path = SendFeedbackViewController.h; sourceTree = "<group>"; };
		DAC65BCC1DF2D5070090369A /* SendFeedbackViewController.m */ = {isa = PBXFileReference; fileEncoding = 4; lastKnownFileType = sourcecode.c.objc; path = SendFeedbackViewController.m; sourceTree = "<group>"; };
		DAC65BCE1DF2D5070090369A /* TTFindPasswordViewController.h */ = {isa = PBXFileReference; fileEncoding = 4; lastKnownFileType = sourcecode.c.h; path = TTFindPasswordViewController.h; sourceTree = "<group>"; };
		DAC65BCF1DF2D5070090369A /* TTFindPasswordViewController.m */ = {isa = PBXFileReference; fileEncoding = 4; lastKnownFileType = sourcecode.c.objc; path = TTFindPasswordViewController.m; sourceTree = "<group>"; };
		DAC65BD01DF2D5070090369A /* TTFindPasswordViewController.xib */ = {isa = PBXFileReference; fileEncoding = 4; lastKnownFileType = file.xib; path = TTFindPasswordViewController.xib; sourceTree = "<group>"; };
		DAC65BD11DF2D5070090369A /* TTLoginViewController.h */ = {isa = PBXFileReference; fileEncoding = 4; lastKnownFileType = sourcecode.c.h; path = TTLoginViewController.h; sourceTree = "<group>"; };
		DAC65BD21DF2D5070090369A /* TTLoginViewController.m */ = {isa = PBXFileReference; fileEncoding = 4; lastKnownFileType = sourcecode.c.objc; path = TTLoginViewController.m; sourceTree = "<group>"; };
		DAC65BD31DF2D5070090369A /* TTLoginViewController.xib */ = {isa = PBXFileReference; fileEncoding = 4; lastKnownFileType = file.xib; path = TTLoginViewController.xib; sourceTree = "<group>"; };
		DAC65BD41DF2D5070090369A /* TTMailRegisterViewController.h */ = {isa = PBXFileReference; fileEncoding = 4; lastKnownFileType = sourcecode.c.h; path = TTMailRegisterViewController.h; sourceTree = "<group>"; };
		DAC65BD51DF2D5070090369A /* TTMailRegisterViewController.m */ = {isa = PBXFileReference; fileEncoding = 4; lastKnownFileType = sourcecode.c.objc; path = TTMailRegisterViewController.m; sourceTree = "<group>"; };
		DAC65BD61DF2D5070090369A /* TTMailRegisterViewController.xib */ = {isa = PBXFileReference; fileEncoding = 4; lastKnownFileType = file.xib; path = TTMailRegisterViewController.xib; sourceTree = "<group>"; };
		DAC65BD71DF2D5070090369A /* TTRegisterViewController.h */ = {isa = PBXFileReference; fileEncoding = 4; lastKnownFileType = sourcecode.c.h; path = TTRegisterViewController.h; sourceTree = "<group>"; };
		DAC65BD81DF2D5070090369A /* TTRegisterViewController.m */ = {isa = PBXFileReference; fileEncoding = 4; lastKnownFileType = sourcecode.c.objc; path = TTRegisterViewController.m; sourceTree = "<group>"; };
		DAC65BD91DF2D5070090369A /* TTRegisterViewController.xib */ = {isa = PBXFileReference; fileEncoding = 4; lastKnownFileType = file.xib; path = TTRegisterViewController.xib; sourceTree = "<group>"; };
		DAC65BDB1DF2D5070090369A /* DisclosureCell.h */ = {isa = PBXFileReference; fileEncoding = 4; lastKnownFileType = sourcecode.c.h; path = DisclosureCell.h; sourceTree = "<group>"; };
		DAC65BDC1DF2D5070090369A /* DisclosureCell.m */ = {isa = PBXFileReference; fileEncoding = 4; lastKnownFileType = sourcecode.c.objc; path = DisclosureCell.m; sourceTree = "<group>"; };
		DAC65BDD1DF2D5070090369A /* SwitchCell.h */ = {isa = PBXFileReference; fileEncoding = 4; lastKnownFileType = sourcecode.c.h; path = SwitchCell.h; sourceTree = "<group>"; };
		DAC65BDE1DF2D5070090369A /* SwitchCell.m */ = {isa = PBXFileReference; fileEncoding = 4; lastKnownFileType = sourcecode.c.objc; path = SwitchCell.m; sourceTree = "<group>"; };
		DAC65BDF1DF2D5070090369A /* TwoLabelCell.h */ = {isa = PBXFileReference; fileEncoding = 4; lastKnownFileType = sourcecode.c.h; path = TwoLabelCell.h; sourceTree = "<group>"; };
		DAC65BE01DF2D5070090369A /* TwoLabelCell.m */ = {isa = PBXFileReference; fileEncoding = 4; lastKnownFileType = sourcecode.c.objc; path = TwoLabelCell.m; sourceTree = "<group>"; };
		DAC65BE11DF2D5070090369A /* UserInfoCell.h */ = {isa = PBXFileReference; fileEncoding = 4; lastKnownFileType = sourcecode.c.h; path = UserInfoCell.h; sourceTree = "<group>"; };
		DAC65BE21DF2D5070090369A /* UserInfoCell.m */ = {isa = PBXFileReference; fileEncoding = 4; lastKnownFileType = sourcecode.c.objc; path = UserInfoCell.m; sourceTree = "<group>"; };
		DAC65BE51DF2D5070090369A /* ContentTableViewController.h */ = {isa = PBXFileReference; fileEncoding = 4; lastKnownFileType = sourcecode.c.h; path = ContentTableViewController.h; sourceTree = "<group>"; };
		DAC65BE61DF2D5070090369A /* ContentTableViewController.m */ = {isa = PBXFileReference; fileEncoding = 4; lastKnownFileType = sourcecode.c.objc; path = ContentTableViewController.m; sourceTree = "<group>"; };
		DAC65BE71DF2D5070090369A /* DetailViewController.h */ = {isa = PBXFileReference; fileEncoding = 4; lastKnownFileType = sourcecode.c.h; path = DetailViewController.h; sourceTree = "<group>"; };
		DAC65BE81DF2D5070090369A /* DetailViewController.m */ = {isa = PBXFileReference; fileEncoding = 4; lastKnownFileType = sourcecode.c.objc; path = DetailViewController.m; sourceTree = "<group>"; };
		DAC65BE91DF2D5070090369A /* NewsViewController.h */ = {isa = PBXFileReference; fileEncoding = 4; lastKnownFileType = sourcecode.c.h; path = NewsViewController.h; sourceTree = "<group>"; };
		DAC65BEA1DF2D5070090369A /* NewsViewController.m */ = {isa = PBXFileReference; fileEncoding = 4; lastKnownFileType = sourcecode.c.objc; path = NewsViewController.m; sourceTree = "<group>"; };
		DAC65BEB1DF2D5070090369A /* ShowMultiPictureViewController.h */ = {isa = PBXFileReference; fileEncoding = 4; lastKnownFileType = sourcecode.c.h; path = ShowMultiPictureViewController.h; sourceTree = "<group>"; };
		DAC65BEC1DF2D5070090369A /* ShowMultiPictureViewController.m */ = {isa = PBXFileReference; fileEncoding = 4; lastKnownFileType = sourcecode.c.objc; path = ShowMultiPictureViewController.m; sourceTree = "<group>"; };
		DAC65BF21DF2D5070090369A /* TTHeaderNews.h */ = {isa = PBXFileReference; fileEncoding = 4; lastKnownFileType = sourcecode.c.h; path = TTHeaderNews.h; sourceTree = "<group>"; };
		DAC65BF31DF2D5070090369A /* TTHeaderNews.m */ = {isa = PBXFileReference; fileEncoding = 4; lastKnownFileType = sourcecode.c.objc; path = TTHeaderNews.m; sourceTree = "<group>"; };
		DAC65BF41DF2D5070090369A /* TTNormalNews.h */ = {isa = PBXFileReference; fileEncoding = 4; lastKnownFileType = sourcecode.c.h; path = TTNormalNews.h; sourceTree = "<group>"; };
		DAC65BF51DF2D5070090369A /* TTNormalNews.m */ = {isa = PBXFileReference; fileEncoding = 4; lastKnownFileType = sourcecode.c.objc; path = TTNormalNews.m; sourceTree = "<group>"; };
		DAC65BF61DF2D5070090369A /* TWNewsEntity.h */ = {isa = PBXFileReference; fileEncoding = 4; lastKnownFileType = sourcecode.c.h; path = TWNewsEntity.h; sourceTree = "<group>"; };
		DAC65BF71DF2D5070090369A /* TWNewsEntity.m */ = {isa = PBXFileReference; fileEncoding = 4; lastKnownFileType = sourcecode.c.objc; path = TWNewsEntity.m; sourceTree = "<group>"; };
		DAC65BF91DF2D5070090369A /* BigPictureTableViewCell.h */ = {isa = PBXFileReference; fileEncoding = 4; lastKnownFileType = sourcecode.c.h; path = BigPictureTableViewCell.h; sourceTree = "<group>"; };
		DAC65BFA1DF2D5070090369A /* BigPictureTableViewCell.m */ = {isa = PBXFileReference; fileEncoding = 4; lastKnownFileType = sourcecode.c.objc; path = BigPictureTableViewCell.m; sourceTree = "<group>"; };
		DAC65BFB1DF2D5070090369A /* BigPictureTableViewCell.xib */ = {isa = PBXFileReference; fileEncoding = 4; lastKnownFileType = file.xib; path = BigPictureTableViewCell.xib; sourceTree = "<group>"; };
		DAC65BFC1DF2D5070090369A /* ChannelCollectionViewCell.h */ = {isa = PBXFileReference; fileEncoding = 4; lastKnownFileType = sourcecode.c.h; path = ChannelCollectionViewCell.h; sourceTree = "<group>"; };
		DAC65BFD1DF2D5070090369A /* ChannelCollectionViewCell.m */ = {isa = PBXFileReference; fileEncoding = 4; lastKnownFileType = sourcecode.c.objc; path = ChannelCollectionViewCell.m; sourceTree = "<group>"; };
		DAC65BFE1DF2D5070090369A /* ChannelCollectionViewCell.xib */ = {isa = PBXFileReference; fileEncoding = 4; lastKnownFileType = file.xib; path = ChannelCollectionViewCell.xib; sourceTree = "<group>"; };
		DAC65BFF1DF2D5070090369A /* ChannelsSectionHeaderView.h */ = {isa = PBXFileReference; fileEncoding = 4; lastKnownFileType = sourcecode.c.h; path = ChannelsSectionHeaderView.h; sourceTree = "<group>"; };
		DAC65C001DF2D5070090369A /* ChannelsSectionHeaderView.m */ = {isa = PBXFileReference; fileEncoding = 4; lastKnownFileType = sourcecode.c.objc; path = ChannelsSectionHeaderView.m; sourceTree = "<group>"; };
		DAC65C011DF2D5070090369A /* MultiPictureTableViewCell.h */ = {isa = PBXFileReference; fileEncoding = 4; lastKnownFileType = sourcecode.c.h; path = MultiPictureTableViewCell.h; sourceTree = "<group>"; };
		DAC65C021DF2D5070090369A /* MultiPictureTableViewCell.m */ = {isa = PBXFileReference; fileEncoding = 4; lastKnownFileType = sourcecode.c.objc; path = MultiPictureTableViewCell.m; sourceTree = "<group>"; };
		DAC65C031DF2D5070090369A /* MultiPictureTableViewCell.xib */ = {isa = PBXFileReference; fileEncoding = 4; lastKnownFileType = file.xib; path = MultiPictureTableViewCell.xib; sourceTree = "<group>"; };
		DAC65C041DF2D5070090369A /* NoPictureNewsTableViewCell.h */ = {isa = PBXFileReference; fileEncoding = 4; lastKnownFileType = sourcecode.c.h; path = NoPictureNewsTableViewCell.h; sourceTree = "<group>"; };
		DAC65C051DF2D5070090369A /* NoPictureNewsTableViewCell.m */ = {isa = PBXFileReference; fileEncoding = 4; lastKnownFileType = sourcecode.c.objc; path = NoPictureNewsTableViewCell.m; sourceTree = "<group>"; };
		DAC65C061DF2D5070090369A /* NoPictureNewsTableViewCell.xib */ = {isa = PBXFileReference; fileEncoding = 4; lastKnownFileType = file.xib; path = NoPictureNewsTableViewCell.xib; sourceTree = "<group>"; };
		DAC65C071DF2D5070090369A /* SinglePictureNewsTableViewCell.h */ = {isa = PBXFileReference; fileEncoding = 4; lastKnownFileType = sourcecode.c.h; path = SinglePictureNewsTableViewCell.h; sourceTree = "<group>"; };
		DAC65C081DF2D5070090369A /* SinglePictureNewsTableViewCell.m */ = {isa = PBXFileReference; fileEncoding = 4; lastKnownFileType = sourcecode.c.objc; path = SinglePictureNewsTableViewCell.m; sourceTree = "<group>"; };
		DAC65C091DF2D5070090369A /* SinglePictureNewsTableViewCell.xib */ = {isa = PBXFileReference; fileEncoding = 4; lastKnownFileType = file.xib; path = SinglePictureNewsTableViewCell.xib; sourceTree = "<group>"; };
		DAC65C0A1DF2D5070090369A /* TopPictureTableViewCell.h */ = {isa = PBXFileReference; fileEncoding = 4; lastKnownFileType = sourcecode.c.h; path = TopPictureTableViewCell.h; sourceTree = "<group>"; };
		DAC65C0B1DF2D5070090369A /* TopPictureTableViewCell.m */ = {isa = PBXFileReference; fileEncoding = 4; lastKnownFileType = sourcecode.c.objc; path = TopPictureTableViewCell.m; sourceTree = "<group>"; };
		DAC65C0C1DF2D5070090369A /* TopPictureTableViewCell.xib */ = {isa = PBXFileReference; fileEncoding = 4; lastKnownFileType = file.xib; path = TopPictureTableViewCell.xib; sourceTree = "<group>"; };
		DAC65C0D1DF2D5070090369A /* TopTextTableViewCell.h */ = {isa = PBXFileReference; fileEncoding = 4; lastKnownFileType = sourcecode.c.h; path = TopTextTableViewCell.h; sourceTree = "<group>"; };
		DAC65C0E1DF2D5070090369A /* TopTextTableViewCell.m */ = {isa = PBXFileReference; fileEncoding = 4; lastKnownFileType = sourcecode.c.objc; path = TopTextTableViewCell.m; sourceTree = "<group>"; };
		DAC65C0F1DF2D5070090369A /* TopTextTableViewCell.xib */ = {isa = PBXFileReference; fileEncoding = 4; lastKnownFileType = file.xib; path = TopTextTableViewCell.xib; sourceTree = "<group>"; };
		DAC65C101DF2D5070090369A /* TTImageCyclePlayView.h */ = {isa = PBXFileReference; fileEncoding = 4; lastKnownFileType = sourcecode.c.h; path = TTImageCyclePlayView.h; sourceTree = "<group>"; };
		DAC65C111DF2D5070090369A /* TTImageCyclePlayView.m */ = {isa = PBXFileReference; fileEncoding = 4; lastKnownFileType = sourcecode.c.objc; path = TTImageCyclePlayView.m; sourceTree = "<group>"; };
		DAC65C121DF2D5070090369A /* TTTopChannelContianerView.h */ = {isa = PBXFileReference; fileEncoding = 4; lastKnownFileType = sourcecode.c.h; path = TTTopChannelContianerView.h; sourceTree = "<group>"; };
		DAC65C131DF2D5070090369A /* TTTopChannelContianerView.m */ = {isa = PBXFileReference; fileEncoding = 4; lastKnownFileType = sourcecode.c.objc; path = TTTopChannelContianerView.m; sourceTree = "<group>"; };
		DAC65C161DF2D5070090369A /* Foundation+Log.m */ = {isa = PBXFileReference; fileEncoding = 4; lastKnownFileType = sourcecode.c.objc; path = "Foundation+Log.m"; sourceTree = "<group>"; };
		DAC65C171DF2D5070090369A /* NSDate+Extension.h */ = {isa = PBXFileReference; fileEncoding = 4; lastKnownFileType = sourcecode.c.h; path = "NSDate+Extension.h"; sourceTree = "<group>"; };
		DAC65C181DF2D5070090369A /* NSDate+Extension.m */ = {isa = PBXFileReference; fileEncoding = 4; lastKnownFileType = sourcecode.c.objc; path = "NSDate+Extension.m"; sourceTree = "<group>"; };
		DAC65C191DF2D5070090369A /* NSObject+Extension.h */ = {isa = PBXFileReference; fileEncoding = 4; lastKnownFileType = sourcecode.c.h; path = "NSObject+Extension.h"; sourceTree = "<group>"; };
		DAC65C1A1DF2D5070090369A /* NSObject+Extension.m */ = {isa = PBXFileReference; fileEncoding = 4; lastKnownFileType = sourcecode.c.objc; path = "NSObject+Extension.m"; sourceTree = "<group>"; };
		DAC65C1B1DF2D5070090369A /* NSString+Extension.h */ = {isa = PBXFileReference; fileEncoding = 4; lastKnownFileType = sourcecode.c.h; path = "NSString+Extension.h"; sourceTree = "<group>"; };
		DAC65C1C1DF2D5070090369A /* NSString+Extension.m */ = {isa = PBXFileReference; fileEncoding = 4; lastKnownFileType = sourcecode.c.objc; path = "NSString+Extension.m"; sourceTree = "<group>"; };
		DAC65C1D1DF2D5070090369A /* UIBarButtonItem+Extension.h */ = {isa = PBXFileReference; fileEncoding = 4; lastKnownFileType = sourcecode.c.h; path = "UIBarButtonItem+Extension.h"; sourceTree = "<group>"; };
		DAC65C1E1DF2D5070090369A /* UIBarButtonItem+Extension.m */ = {isa = PBXFileReference; fileEncoding = 4; lastKnownFileType = sourcecode.c.objc; path = "UIBarButtonItem+Extension.m"; sourceTree = "<group>"; };
		DAC65C1F1DF2D5070090369A /* UIImage+Extension.h */ = {isa = PBXFileReference; fileEncoding = 4; lastKnownFileType = sourcecode.c.h; path = "UIImage+Extension.h"; sourceTree = "<group>"; };
		DAC65C201DF2D5070090369A /* UIImage+Extension.m */ = {isa = PBXFileReference; fileEncoding = 4; lastKnownFileType = sourcecode.c.objc; path = "UIImage+Extension.m"; sourceTree = "<group>"; };
		DAC65C211DF2D5070090369A /* UIImageView+Extension.h */ = {isa = PBXFileReference; fileEncoding = 4; lastKnownFileType = sourcecode.c.h; path = "UIImageView+Extension.h"; sourceTree = "<group>"; };
		DAC65C221DF2D5070090369A /* UIImageView+Extension.m */ = {isa = PBXFileReference; fileEncoding = 4; lastKnownFileType = sourcecode.c.objc; path = "UIImageView+Extension.m"; sourceTree = "<group>"; };
		DAC65C231DF2D5070090369A /* UIView+Extension.h */ = {isa = PBXFileReference; fileEncoding = 4; lastKnownFileType = sourcecode.c.h; path = "UIView+Extension.h"; sourceTree = "<group>"; };
		DAC65C241DF2D5070090369A /* UIView+Extension.m */ = {isa = PBXFileReference; fileEncoding = 4; lastKnownFileType = sourcecode.c.objc; path = "UIView+Extension.m"; sourceTree = "<group>"; };
		DAC65C261DF2D5070090369A /* TTConst.h */ = {isa = PBXFileReference; fileEncoding = 4; lastKnownFileType = sourcecode.c.h; path = TTConst.h; sourceTree = "<group>"; };
		DAC65C271DF2D5070090369A /* TTConst.m */ = {isa = PBXFileReference; fileEncoding = 4; lastKnownFileType = sourcecode.c.objc; path = TTConst.m; sourceTree = "<group>"; };
		DAC65C281DF2D5070090369A /* TTDataTool.h */ = {isa = PBXFileReference; fileEncoding = 4; lastKnownFileType = sourcecode.c.h; path = TTDataTool.h; sourceTree = "<group>"; };
		DAC65C291DF2D5070090369A /* TTDataTool.m */ = {isa = PBXFileReference; fileEncoding = 4; lastKnownFileType = sourcecode.c.objc; path = TTDataTool.m; sourceTree = "<group>"; };
		DAC65C2A1DF2D5070090369A /* TTNetworkManager.h */ = {isa = PBXFileReference; fileEncoding = 4; lastKnownFileType = sourcecode.c.h; path = TTNetworkManager.h; sourceTree = "<group>"; };
		DAC65C2B1DF2D5070090369A /* TTNetworkManager.m */ = {isa = PBXFileReference; fileEncoding = 4; lastKnownFileType = sourcecode.c.objc; path = TTNetworkManager.m; sourceTree = "<group>"; };
		DAC65C2C1DF2D5070090369A /* TTNormalNewsFetchDataParameter.h */ = {isa = PBXFileReference; fileEncoding = 4; lastKnownFileType = sourcecode.c.h; path = TTNormalNewsFetchDataParameter.h; sourceTree = "<group>"; };
		DAC65C2D1DF2D5070090369A /* TTNormalNewsFetchDataParameter.m */ = {isa = PBXFileReference; fileEncoding = 4; lastKnownFileType = sourcecode.c.objc; path = TTNormalNewsFetchDataParameter.m; sourceTree = "<group>"; };
		DAC65C2E1DF2D5070090369A /* TTPictureFetchDataParameter.h */ = {isa = PBXFileReference; fileEncoding = 4; lastKnownFileType = sourcecode.c.h; path = TTPictureFetchDataParameter.h; sourceTree = "<group>"; };
		DAC65C2F1DF2D5070090369A /* TTPictureFetchDataParameter.m */ = {isa = PBXFileReference; fileEncoding = 4; lastKnownFileType = sourcecode.c.objc; path = TTPictureFetchDataParameter.m; sourceTree = "<group>"; };
		DAC65C301DF2D5070090369A /* TTVideoFetchDataParameter.h */ = {isa = PBXFileReference; fileEncoding = 4; lastKnownFileType = sourcecode.c.h; path = TTVideoFetchDataParameter.h; sourceTree = "<group>"; };
		DAC65C311DF2D5070090369A /* TTVideoFetchDataParameter.m */ = {isa = PBXFileReference; fileEncoding = 4; lastKnownFileType = sourcecode.c.objc; path = TTVideoFetchDataParameter.m; sourceTree = "<group>"; };
		DAC65C3E1DF2D5070090369A /* Reachability.h */ = {isa = PBXFileReference; fileEncoding = 4; lastKnownFileType = sourcecode.c.h; path = Reachability.h; sourceTree = "<group>"; };
		DAC65C3F1DF2D5070090369A /* Reachability.m */ = {isa = PBXFileReference; fileEncoding = 4; lastKnownFileType = sourcecode.c.objc; path = Reachability.m; sourceTree = "<group>"; };
		DAC65C401DF2D5070090369A /* TTJudgeNetworking.h */ = {isa = PBXFileReference; fileEncoding = 4; lastKnownFileType = sourcecode.c.h; path = TTJudgeNetworking.h; sourceTree = "<group>"; };
		DAC65C411DF2D5070090369A /* TTJudgeNetworking.m */ = {isa = PBXFileReference; fileEncoding = 4; lastKnownFileType = sourcecode.c.objc; path = TTJudgeNetworking.m; sourceTree = "<group>"; };
		DAC65C441DF2D5070090369A /* PictureCommentViewController.h */ = {isa = PBXFileReference; fileEncoding = 4; lastKnownFileType = sourcecode.c.h; path = PictureCommentViewController.h; sourceTree = "<group>"; };
		DAC65C451DF2D5070090369A /* PictureCommentViewController.m */ = {isa = PBXFileReference; fileEncoding = 4; lastKnownFileType = sourcecode.c.objc; path = PictureCommentViewController.m; sourceTree = "<group>"; };
		DAC65C461DF2D5070090369A /* PictureCommentViewController.xib */ = {isa = PBXFileReference; fileEncoding = 4; lastKnownFileType = file.xib; path = PictureCommentViewController.xib; sourceTree = "<group>"; };
		DAC65C471DF2D5070090369A /* PictureViewController.h */ = {isa = PBXFileReference; fileEncoding = 4; lastKnownFileType = sourcecode.c.h; path = PictureViewController.h; sourceTree = "<group>"; };
		DAC65C481DF2D5070090369A /* PictureViewController.m */ = {isa = PBXFileReference; fileEncoding = 4; lastKnownFileType = sourcecode.c.objc; path = PictureViewController.m; sourceTree = "<group>"; };
		DAC65C4A1DF2D5070090369A /* TTPicture.h */ = {isa = PBXFileReference; fileEncoding = 4; lastKnownFileType = sourcecode.c.h; path = TTPicture.h; sourceTree = "<group>"; };
		DAC65C4B1DF2D5070090369A /* TTPicture.m */ = {isa = PBXFileReference; fileEncoding = 4; lastKnownFileType = sourcecode.c.objc; path = TTPicture.m; sourceTree = "<group>"; };
		DAC65C4C1DF2D5070090369A /* TTPictureComment.h */ = {isa = PBXFileReference; fileEncoding = 4; lastKnownFileType = sourcecode.c.h; path = TTPictureComment.h; sourceTree = "<group>"; };
		DAC65C4D1DF2D5070090369A /* TTPictureComment.m */ = {isa = PBXFileReference; fileEncoding = 4; lastKnownFileType = sourcecode.c.objc; path = TTPictureComment.m; sourceTree = "<group>"; };
		DAC65C4E1DF2D5070090369A /* TTPictureUser.h */ = {isa = PBXFileReference; fileEncoding = 4; lastKnownFileType = sourcecode.c.h; path = TTPictureUser.h; sourceTree = "<group>"; };
		DAC65C4F1DF2D5070090369A /* TTPictureUser.m */ = {isa = PBXFileReference; fileEncoding = 4; lastKnownFileType = sourcecode.c.objc; path = TTPictureUser.m; sourceTree = "<group>"; };
		DAC65C511DF2D5070090369A /* PictureCommentCell.h */ = {isa = PBXFileReference; fileEncoding = 4; lastKnownFileType = sourcecode.c.h; path = PictureCommentCell.h; sourceTree = "<group>"; };
		DAC65C521DF2D5070090369A /* PictureCommentCell.m */ = {isa = PBXFileReference; fileEncoding = 4; lastKnownFileType = sourcecode.c.objc; path = PictureCommentCell.m; sourceTree = "<group>"; };
		DAC65C531DF2D5070090369A /* PictureCommentCell.xib */ = {isa = PBXFileReference; fileEncoding = 4; lastKnownFileType = file.xib; path = PictureCommentCell.xib; sourceTree = "<group>"; };
		DAC65C541DF2D5070090369A /* PictureTableViewCell.h */ = {isa = PBXFileReference; fileEncoding = 4; lastKnownFileType = sourcecode.c.h; path = PictureTableViewCell.h; sourceTree = "<group>"; };
		DAC65C551DF2D5070090369A /* PictureTableViewCell.m */ = {isa = PBXFileReference; fileEncoding = 4; lastKnownFileType = sourcecode.c.objc; path = PictureTableViewCell.m; sourceTree = "<group>"; };
		DAC65C561DF2D5070090369A /* PictureTableViewCell.xib */ = {isa = PBXFileReference; fileEncoding = 4; lastKnownFileType = file.xib; path = PictureTableViewCell.xib; sourceTree = "<group>"; };
		DAC65C571DF2D5070090369A /* ShowBigPictureViewController.h */ = {isa = PBXFileReference; fileEncoding = 4; lastKnownFileType = sourcecode.c.h; path = ShowBigPictureViewController.h; sourceTree = "<group>"; };
		DAC65C581DF2D5070090369A /* ShowBigPictureViewController.m */ = {isa = PBXFileReference; fileEncoding = 4; lastKnownFileType = sourcecode.c.objc; path = ShowBigPictureViewController.m; sourceTree = "<group>"; };
		DAC65C591DF2D5070090369A /* ShowBigPictureViewController.xib */ = {isa = PBXFileReference; fileEncoding = 4; lastKnownFileType = file.xib; path = ShowBigPictureViewController.xib; sourceTree = "<group>"; };
		DAC65C5C1DF2D5080090369A /* VideoCommentViewController.h */ = {isa = PBXFileReference; fileEncoding = 4; lastKnownFileType = sourcecode.c.h; path = VideoCommentViewController.h; sourceTree = "<group>"; };
		DAC65C5D1DF2D5080090369A /* VideoCommentViewController.m */ = {isa = PBXFileReference; fileEncoding = 4; lastKnownFileType = sourcecode.c.objc; path = VideoCommentViewController.m; sourceTree = "<group>"; };
		DAC65C5E1DF2D5080090369A /* VideoCommentViewController.xib */ = {isa = PBXFileReference; fileEncoding = 4; lastKnownFileType = file.xib; path = VideoCommentViewController.xib; sourceTree = "<group>"; };
		DAC65C5F1DF2D5080090369A /* VideoViewController.h */ = {isa = PBXFileReference; fileEncoding = 4; lastKnownFileType = sourcecode.c.h; path = VideoViewController.h; sourceTree = "<group>"; };
		DAC65C601DF2D5080090369A /* VideoViewController.m */ = {isa = PBXFileReference; fileEncoding = 4; lastKnownFileType = sourcecode.c.objc; path = VideoViewController.m; sourceTree = "<group>"; };
		DAC65C621DF2D5080090369A /* TTVideo.h */ = {isa = PBXFileReference; fileEncoding = 4; lastKnownFileType = sourcecode.c.h; path = TTVideo.h; sourceTree = "<group>"; };
		DAC65C631DF2D5080090369A /* TTVideo.m */ = {isa = PBXFileReference; fileEncoding = 4; lastKnownFileType = sourcecode.c.objc; path = TTVideo.m; sourceTree = "<group>"; };
		DAC65C641DF2D5080090369A /* TTVideoComment.h */ = {isa = PBXFileReference; fileEncoding = 4; lastKnownFileType = sourcecode.c.h; path = TTVideoComment.h; sourceTree = "<group>"; };
		DAC65C651DF2D5080090369A /* TTVideoComment.m */ = {isa = PBXFileReference; fileEncoding = 4; lastKnownFileType = sourcecode.c.objc; path = TTVideoComment.m; sourceTree = "<group>"; };
		DAC65C661DF2D5080090369A /* TTVideoUser.h */ = {isa = PBXFileReference; fileEncoding = 4; lastKnownFileType = sourcecode.c.h; path = TTVideoUser.h; sourceTree = "<group>"; };
		DAC65C671DF2D5080090369A /* TTVideoUser.m */ = {isa = PBXFileReference; fileEncoding = 4; lastKnownFileType = sourcecode.c.objc; path = TTVideoUser.m; sourceTree = "<group>"; };
		DAC65C691DF2D5080090369A /* FullViewController.h */ = {isa = PBXFileReference; fileEncoding = 4; lastKnownFileType = sourcecode.c.h; path = FullViewController.h; sourceTree = "<group>"; };
		DAC65C6A1DF2D5080090369A /* FullViewController.m */ = {isa = PBXFileReference; fileEncoding = 4; lastKnownFileType = sourcecode.c.objc; path = FullViewController.m; sourceTree = "<group>"; };
		DAC65C6B1DF2D5080090369A /* VideoPlayView.h */ = {isa = PBXFileReference; fileEncoding = 4; lastKnownFileType = sourcecode.c.h; path = VideoPlayView.h; sourceTree = "<group>"; };
		DAC65C6C1DF2D5080090369A /* VideoPlayView.m */ = {isa = PBXFileReference; fileEncoding = 4; lastKnownFileType = sourcecode.c.objc; path = VideoPlayView.m; sourceTree = "<group>"; };
		DAC65C6D1DF2D5080090369A /* VideoPlayView.xib */ = {isa = PBXFileReference; fileEncoding = 4; lastKnownFileType = file.xib; path = VideoPlayView.xib; sourceTree = "<group>"; };
		DAC65C6F1DF2D5080090369A /* VideoCommentCell.h */ = {isa = PBXFileReference; fileEncoding = 4; lastKnownFileType = sourcecode.c.h; path = VideoCommentCell.h; sourceTree = "<group>"; };
		DAC65C701DF2D5080090369A /* VideoCommentCell.m */ = {isa = PBXFileReference; fileEncoding = 4; lastKnownFileType = sourcecode.c.objc; path = VideoCommentCell.m; sourceTree = "<group>"; };
		DAC65C711DF2D5080090369A /* VideoCommentCell.xib */ = {isa = PBXFileReference; fileEncoding = 4; lastKnownFileType = file.xib; path = VideoCommentCell.xib; sourceTree = "<group>"; };
		DAC65C721DF2D5080090369A /* VideoTableViewCell.h */ = {isa = PBXFileReference; fileEncoding = 4; lastKnownFileType = sourcecode.c.h; path = VideoTableViewCell.h; sourceTree = "<group>"; };
		DAC65C731DF2D5080090369A /* VideoTableViewCell.m */ = {isa = PBXFileReference; fileEncoding = 4; lastKnownFileType = sourcecode.c.objc; path = VideoTableViewCell.m; sourceTree = "<group>"; };
		DAC65C741DF2D5080090369A /* VideoTableViewCell.xib */ = {isa = PBXFileReference; fileEncoding = 4; lastKnownFileType = file.xib; path = VideoTableViewCell.xib; sourceTree = "<group>"; };
		DAC65CE51DF307900090369A /* SXNetworkTools.h */ = {isa = PBXFileReference; fileEncoding = 4; lastKnownFileType = sourcecode.c.h; path = SXNetworkTools.h; sourceTree = "<group>"; };
		DAC65CE61DF307900090369A /* SXNetworkTools.m */ = {isa = PBXFileReference; fileEncoding = 4; lastKnownFileType = sourcecode.c.objc; path = SXNetworkTools.m; sourceTree = "<group>"; };
		DAC65CE71DF307900090369A /* SXNewsEntity.h */ = {isa = PBXFileReference; fileEncoding = 4; lastKnownFileType = sourcecode.c.h; path = SXNewsEntity.h; sourceTree = "<group>"; };
		DAC65CE81DF307900090369A /* SXNewsEntity.m */ = {isa = PBXFileReference; fileEncoding = 4; lastKnownFileType = sourcecode.c.objc; path = SXNewsEntity.m; sourceTree = "<group>"; };
		DAC65CEC1DF311430090369A /* AppDelegate.h */ = {isa = PBXFileReference; fileEncoding = 4; lastKnownFileType = sourcecode.c.h; path = AppDelegate.h; sourceTree = "<group>"; };
		DAC65CED1DF311430090369A /* AppDelegate.m */ = {isa = PBXFileReference; fileEncoding = 4; lastKnownFileType = sourcecode.c.objc; path = AppDelegate.m; sourceTree = "<group>"; };
		DAC65CEE1DF311430090369A /* TTBaseModel.h */ = {isa = PBXFileReference; fileEncoding = 4; lastKnownFileType = sourcecode.c.h; path = TTBaseModel.h; sourceTree = "<group>"; };
		DAC65CEF1DF311430090369A /* TTBaseModel.m */ = {isa = PBXFileReference; fileEncoding = 4; lastKnownFileType = sourcecode.c.objc; path = TTBaseModel.m; sourceTree = "<group>"; };
		DAC65CF01DF311430090369A /* TTBaseViewController.h */ = {isa = PBXFileReference; fileEncoding = 4; lastKnownFileType = sourcecode.c.h; path = TTBaseViewController.h; sourceTree = "<group>"; };
		DAC65CF11DF311430090369A /* TTBaseViewController.m */ = {isa = PBXFileReference; fileEncoding = 4; lastKnownFileType = sourcecode.c.objc; path = TTBaseViewController.m; sourceTree = "<group>"; };
		DAC65CF21DF311430090369A /* TTNavigationController.h */ = {isa = PBXFileReference; fileEncoding = 4; lastKnownFileType = sourcecode.c.h; path = TTNavigationController.h; sourceTree = "<group>"; };
		DAC65CF31DF311430090369A /* TTNavigationController.m */ = {isa = PBXFileReference; fileEncoding = 4; lastKnownFileType = sourcecode.c.objc; path = TTNavigationController.m; sourceTree = "<group>"; };
		DAC65CF41DF311430090369A /* TTTabBarController.h */ = {isa = PBXFileReference; fileEncoding = 4; lastKnownFileType = sourcecode.c.h; path = TTTabBarController.h; sourceTree = "<group>"; };
		DAC65CF51DF311430090369A /* TTTabBarController.m */ = {isa = PBXFileReference; fileEncoding = 4; lastKnownFileType = sourcecode.c.objc; path = TTTabBarController.m; sourceTree = "<group>"; };
		EE4635C31CC72B8900DB248F /* TTNews.app */ = {isa = PBXFileReference; explicitFileType = wrapper.application; includeInIndex = 0; path = TTNews.app; sourceTree = BUILT_PRODUCTS_DIR; };
		EE4635C71CC72B8900DB248F /* main.m */ = {isa = PBXFileReference; lastKnownFileType = sourcecode.c.objc; path = main.m; sourceTree = "<group>"; };
		EE4635D21CC72B8900DB248F /* Assets.xcassets */ = {isa = PBXFileReference; lastKnownFileType = folder.assetcatalog; path = Assets.xcassets; sourceTree = "<group>"; };
		EE4635D71CC72B8900DB248F /* Info.plist */ = {isa = PBXFileReference; lastKnownFileType = text.plist.xml; path = Info.plist; sourceTree = "<group>"; };
		EE4635DC1CC72B8A00DB248F /* TTNewsTests.xctest */ = {isa = PBXFileReference; explicitFileType = wrapper.cfbundle; includeInIndex = 0; path = TTNewsTests.xctest; sourceTree = BUILT_PRODUCTS_DIR; };
		EE4635E01CC72B8A00DB248F /* TTNewsTests.m */ = {isa = PBXFileReference; lastKnownFileType = sourcecode.c.objc; path = TTNewsTests.m; sourceTree = "<group>"; };
		EE4635E21CC72B8A00DB248F /* Info.plist */ = {isa = PBXFileReference; lastKnownFileType = text.plist.xml; path = Info.plist; sourceTree = "<group>"; };
		EE4635E71CC72B8A00DB248F /* TTNewsUITests.xctest */ = {isa = PBXFileReference; explicitFileType = wrapper.cfbundle; includeInIndex = 0; path = TTNewsUITests.xctest; sourceTree = BUILT_PRODUCTS_DIR; };
		EE4635EB1CC72B8A00DB248F /* TTNewsUITests.m */ = {isa = PBXFileReference; lastKnownFileType = sourcecode.c.objc; path = TTNewsUITests.m; sourceTree = "<group>"; };
		EE4635ED1CC72B8A00DB248F /* Info.plist */ = {isa = PBXFileReference; lastKnownFileType = text.plist.xml; path = Info.plist; sourceTree = "<group>"; };
		EE4636B71CC7499D00DB248F /* LaunchScreen.xib */ = {isa = PBXFileReference; fileEncoding = 4; lastKnownFileType = file.xib; path = LaunchScreen.xib; sourceTree = "<group>"; };
		EE4BEB5C1D5480E400B4A035 /* NewsURLs.plist */ = {isa = PBXFileReference; fileEncoding = 4; lastKnownFileType = text.plist.xml; path = NewsURLs.plist; sourceTree = "<group>"; };
/* End PBXFileReference section */

/* Begin PBXFrameworksBuildPhase section */
		EE4635C01CC72B8900DB248F /* Frameworks */ = {
			isa = PBXFrameworksBuildPhase;
			buildActionMask = 2147483647;
			files = (
				5E2DDD507AFC5A2FC706C802 /* libPods-TTNews.a in Frameworks */,
			);
			runOnlyForDeploymentPostprocessing = 0;
		};
		EE4635D91CC72B8A00DB248F /* Frameworks */ = {
			isa = PBXFrameworksBuildPhase;
			buildActionMask = 2147483647;
			files = (
				7D4937D66844CF5F5FCBDB08 /* libPods-TTNewsTests.a in Frameworks */,
			);
			runOnlyForDeploymentPostprocessing = 0;
		};
		EE4635E41CC72B8A00DB248F /* Frameworks */ = {
			isa = PBXFrameworksBuildPhase;
			buildActionMask = 2147483647;
			files = (
				E0C9598EA91F8C8BFE604B7B /* libPods-TTNewsUITests.a in Frameworks */,
			);
			runOnlyForDeploymentPostprocessing = 0;
		};
/* End PBXFrameworksBuildPhase section */

/* Begin PBXGroup section */
		D5D8F8381B041320DAA9C5AE /* Frameworks */ = {
			isa = PBXGroup;
			children = (
				C4C26A241D42CCF389274A89 /* libPods-TTNews.a */,
				8BA86FD4B9FFE3FDD3FFE7EA /* libPods-TTNewsTests.a */,
				0D813C1B45D80A6E775754DA /* libPods-TTNewsUITests.a */,
			);
			name = Frameworks;
			sourceTree = "<group>";
		};
		DAC65BB91DF2D5070090369A /* Source */ = {
			isa = PBXGroup;
			children = (
				DAC65CEB1DF311430090369A /* Main */,
				DAC65BE31DF2D5070090369A /* News */,
				DAC65C421DF2D5070090369A /* Picture */,
				DAC65C5A1DF2D5080090369A /* Video */,
				DAC65BC11DF2D5070090369A /* Me */,
				DAC65C141DF2D5070090369A /* Other */,
				DAC65BBA1DF2D5070090369A /* Library */,
			);
			path = Source;
			sourceTree = "<group>";
		};
		DAC65BBA1DF2D5070090369A /* Library */ = {
			isa = PBXGroup;
			children = (
				DAC65BBB1DF2D5070090369A /* 3rd */,
			);
			path = Library;
			sourceTree = "<group>";
		};
		DAC65BBB1DF2D5070090369A /* 3rd */ = {
			isa = PBXGroup;
			children = (
				DAC65BBC1DF2D5070090369A /* MHFBImageViewController */,
			);
			path = 3rd;
			sourceTree = "<group>";
		};
		DAC65BBC1DF2D5070090369A /* MHFBImageViewController */ = {
			isa = PBXGroup;
			children = (
				DAC65BBD1DF2D5070090369A /* MHFacebookImageViewer.h */,
				DAC65BBE1DF2D5070090369A /* MHFacebookImageViewer.m */,
				DAC65BBF1DF2D5070090369A /* UIImageView+MHFacebookImageViewer.h */,
				DAC65BC01DF2D5070090369A /* UIImageView+MHFacebookImageViewer.m */,
			);
			path = MHFBImageViewController;
			sourceTree = "<group>";
		};
		DAC65BC11DF2D5070090369A /* Me */ = {
			isa = PBXGroup;
			children = (
				DAC65BC21DF2D5070090369A /* Controller */,
				DAC65BCD1DF2D5070090369A /* Login */,
				DAC65BDA1DF2D5070090369A /* View */,
			);
			path = Me;
			sourceTree = "<group>";
		};
		DAC65BC21DF2D5070090369A /* Controller */ = {
			isa = PBXGroup;
			children = (
				DAC65BC31DF2D5070090369A /* AppInfoViewController.h */,
				DAC65BC41DF2D5070090369A /* AppInfoViewController.m */,
				DAC65BC51DF2D5070090369A /* AppInfoViewController.xib */,
				DAC65BC61DF2D5070090369A /* EditUserInfoViewController.h */,
				DAC65BC71DF2D5070090369A /* EditUserInfoViewController.m */,
				DAC65BC81DF2D5070090369A /* EditUserInfoViewController.xib */,
				DAC65BC91DF2D5070090369A /* MeTableViewController.h */,
				DAC65BCA1DF2D5070090369A /* MeTableViewController.m */,
				DAC65BCB1DF2D5070090369A /* SendFeedbackViewController.h */,
				DAC65BCC1DF2D5070090369A /* SendFeedbackViewController.m */,
			);
			path = Controller;
			sourceTree = "<group>";
		};
		DAC65BCD1DF2D5070090369A /* Login */ = {
			isa = PBXGroup;
			children = (
				DAC65BCE1DF2D5070090369A /* TTFindPasswordViewController.h */,
				DAC65BCF1DF2D5070090369A /* TTFindPasswordViewController.m */,
				DAC65BD01DF2D5070090369A /* TTFindPasswordViewController.xib */,
				DAC65BD11DF2D5070090369A /* TTLoginViewController.h */,
				DAC65BD21DF2D5070090369A /* TTLoginViewController.m */,
				DAC65BD31DF2D5070090369A /* TTLoginViewController.xib */,
				DAC65BD41DF2D5070090369A /* TTMailRegisterViewController.h */,
				DAC65BD51DF2D5070090369A /* TTMailRegisterViewController.m */,
				DAC65BD61DF2D5070090369A /* TTMailRegisterViewController.xib */,
				DAC65BD71DF2D5070090369A /* TTRegisterViewController.h */,
				DAC65BD81DF2D5070090369A /* TTRegisterViewController.m */,
				DAC65BD91DF2D5070090369A /* TTRegisterViewController.xib */,
			);
			path = Login;
			sourceTree = "<group>";
		};
		DAC65BDA1DF2D5070090369A /* View */ = {
			isa = PBXGroup;
			children = (
				DAC65BDB1DF2D5070090369A /* DisclosureCell.h */,
				DAC65BDC1DF2D5070090369A /* DisclosureCell.m */,
				DAC65BDD1DF2D5070090369A /* SwitchCell.h */,
				DAC65BDE1DF2D5070090369A /* SwitchCell.m */,
				DAC65BDF1DF2D5070090369A /* TwoLabelCell.h */,
				DAC65BE01DF2D5070090369A /* TwoLabelCell.m */,
				DAC65BE11DF2D5070090369A /* UserInfoCell.h */,
				DAC65BE21DF2D5070090369A /* UserInfoCell.m */,
			);
			path = View;
			sourceTree = "<group>";
		};
		DAC65BE31DF2D5070090369A /* News */ = {
			isa = PBXGroup;
			children = (
				DAC65BE41DF2D5070090369A /* Controller */,
				DAC65BF11DF2D5070090369A /* Model */,
				DAC65BF81DF2D5070090369A /* View */,
			);
			path = News;
			sourceTree = "<group>";
		};
		DAC65BE41DF2D5070090369A /* Controller */ = {
			isa = PBXGroup;
			children = (
				DAC65BE91DF2D5070090369A /* NewsViewController.h */,
				DAC65BEA1DF2D5070090369A /* NewsViewController.m */,
				DAC65BE51DF2D5070090369A /* ContentTableViewController.h */,
				DAC65BE61DF2D5070090369A /* ContentTableViewController.m */,
				DAC65BE71DF2D5070090369A /* DetailViewController.h */,
				DAC65BE81DF2D5070090369A /* DetailViewController.m */,
				DAC65BEB1DF2D5070090369A /* ShowMultiPictureViewController.h */,
				DAC65BEC1DF2D5070090369A /* ShowMultiPictureViewController.m */,
			);
			path = Controller;
			sourceTree = "<group>";
		};
		DAC65BF11DF2D5070090369A /* Model */ = {
			isa = PBXGroup;
			children = (
				DAC65BF21DF2D5070090369A /* TTHeaderNews.h */,
				DAC65BF31DF2D5070090369A /* TTHeaderNews.m */,
				DAC65BF41DF2D5070090369A /* TTNormalNews.h */,
				DAC65BF51DF2D5070090369A /* TTNormalNews.m */,
				DAC65BF61DF2D5070090369A /* TWNewsEntity.h */,
				DAC65BF71DF2D5070090369A /* TWNewsEntity.m */,
			);
			path = Model;
			sourceTree = "<group>";
		};
		DAC65BF81DF2D5070090369A /* View */ = {
			isa = PBXGroup;
			children = (
				DAC65BF91DF2D5070090369A /* BigPictureTableViewCell.h */,
				DAC65BFA1DF2D5070090369A /* BigPictureTableViewCell.m */,
				DAC65BFB1DF2D5070090369A /* BigPictureTableViewCell.xib */,
				DAC65BFC1DF2D5070090369A /* ChannelCollectionViewCell.h */,
				DAC65BFD1DF2D5070090369A /* ChannelCollectionViewCell.m */,
				DAC65BFE1DF2D5070090369A /* ChannelCollectionViewCell.xib */,
				DAC65BFF1DF2D5070090369A /* ChannelsSectionHeaderView.h */,
				DAC65C001DF2D5070090369A /* ChannelsSectionHeaderView.m */,
				DAC65C011DF2D5070090369A /* MultiPictureTableViewCell.h */,
				DAC65C021DF2D5070090369A /* MultiPictureTableViewCell.m */,
				DAC65C031DF2D5070090369A /* MultiPictureTableViewCell.xib */,
				DAC65C041DF2D5070090369A /* NoPictureNewsTableViewCell.h */,
				DAC65C051DF2D5070090369A /* NoPictureNewsTableViewCell.m */,
				DAC65C061DF2D5070090369A /* NoPictureNewsTableViewCell.xib */,
				DAC65C071DF2D5070090369A /* SinglePictureNewsTableViewCell.h */,
				DAC65C081DF2D5070090369A /* SinglePictureNewsTableViewCell.m */,
				DAC65C091DF2D5070090369A /* SinglePictureNewsTableViewCell.xib */,
				DAC65C0A1DF2D5070090369A /* TopPictureTableViewCell.h */,
				DAC65C0B1DF2D5070090369A /* TopPictureTableViewCell.m */,
				DAC65C0C1DF2D5070090369A /* TopPictureTableViewCell.xib */,
				DAC65C0D1DF2D5070090369A /* TopTextTableViewCell.h */,
				DAC65C0E1DF2D5070090369A /* TopTextTableViewCell.m */,
				DAC65C0F1DF2D5070090369A /* TopTextTableViewCell.xib */,
				DAC65C101DF2D5070090369A /* TTImageCyclePlayView.h */,
				DAC65C111DF2D5070090369A /* TTImageCyclePlayView.m */,
				DAC65C121DF2D5070090369A /* TTTopChannelContianerView.h */,
				DAC65C131DF2D5070090369A /* TTTopChannelContianerView.m */,
			);
			path = View;
			sourceTree = "<group>";
		};
		DAC65C141DF2D5070090369A /* Other */ = {
			isa = PBXGroup;
			children = (
				DAC65C151DF2D5070090369A /* Category */,
				DAC65C251DF2D5070090369A /* Http */,
				DAC65C3D1DF2D5070090369A /* NetWork */,
			);
			path = Other;
			sourceTree = "<group>";
		};
		DAC65C151DF2D5070090369A /* Category */ = {
			isa = PBXGroup;
			children = (
				DAC65C161DF2D5070090369A /* Foundation+Log.m */,
				DAC65C171DF2D5070090369A /* NSDate+Extension.h */,
				DAC65C181DF2D5070090369A /* NSDate+Extension.m */,
				DAC65C191DF2D5070090369A /* NSObject+Extension.h */,
				DAC65C1A1DF2D5070090369A /* NSObject+Extension.m */,
				DAC65C1B1DF2D5070090369A /* NSString+Extension.h */,
				DAC65C1C1DF2D5070090369A /* NSString+Extension.m */,
				DAC65C1D1DF2D5070090369A /* UIBarButtonItem+Extension.h */,
				DAC65C1E1DF2D5070090369A /* UIBarButtonItem+Extension.m */,
				DAC65C1F1DF2D5070090369A /* UIImage+Extension.h */,
				DAC65C201DF2D5070090369A /* UIImage+Extension.m */,
				DAC65C211DF2D5070090369A /* UIImageView+Extension.h */,
				DAC65C221DF2D5070090369A /* UIImageView+Extension.m */,
				DAC65C231DF2D5070090369A /* UIView+Extension.h */,
				DAC65C241DF2D5070090369A /* UIView+Extension.m */,
			);
			path = Category;
			sourceTree = "<group>";
		};
		DAC65C251DF2D5070090369A /* Http */ = {
			isa = PBXGroup;
			children = (
				DAC65CE51DF307900090369A /* SXNetworkTools.h */,
				DAC65CE61DF307900090369A /* SXNetworkTools.m */,
				DAC65CE71DF307900090369A /* SXNewsEntity.h */,
				DAC65CE81DF307900090369A /* SXNewsEntity.m */,
				DAC65C261DF2D5070090369A /* TTConst.h */,
				DAC65C271DF2D5070090369A /* TTConst.m */,
				DAC65C281DF2D5070090369A /* TTDataTool.h */,
				DAC65C291DF2D5070090369A /* TTDataTool.m */,
				DAC65C2A1DF2D5070090369A /* TTNetworkManager.h */,
				DAC65C2B1DF2D5070090369A /* TTNetworkManager.m */,
				DAC65C2C1DF2D5070090369A /* TTNormalNewsFetchDataParameter.h */,
				DAC65C2D1DF2D5070090369A /* TTNormalNewsFetchDataParameter.m */,
				DAC65C2E1DF2D5070090369A /* TTPictureFetchDataParameter.h */,
				DAC65C2F1DF2D5070090369A /* TTPictureFetchDataParameter.m */,
				DAC65C301DF2D5070090369A /* TTVideoFetchDataParameter.h */,
				DAC65C311DF2D5070090369A /* TTVideoFetchDataParameter.m */,
			);
			path = Http;
			sourceTree = "<group>";
		};
		DAC65C3D1DF2D5070090369A /* NetWork */ = {
			isa = PBXGroup;
			children = (
				DAC65C3E1DF2D5070090369A /* Reachability.h */,
				DAC65C3F1DF2D5070090369A /* Reachability.m */,
				DAC65C401DF2D5070090369A /* TTJudgeNetworking.h */,
				DAC65C411DF2D5070090369A /* TTJudgeNetworking.m */,
			);
			path = NetWork;
			sourceTree = "<group>";
		};
		DAC65C421DF2D5070090369A /* Picture */ = {
			isa = PBXGroup;
			children = (
				DAC65C431DF2D5070090369A /* Controller */,
				DAC65C491DF2D5070090369A /* Model */,
				DAC65C501DF2D5070090369A /* View */,
			);
			path = Picture;
			sourceTree = "<group>";
		};
		DAC65C431DF2D5070090369A /* Controller */ = {
			isa = PBXGroup;
			children = (
				DAC65C441DF2D5070090369A /* PictureCommentViewController.h */,
				DAC65C451DF2D5070090369A /* PictureCommentViewController.m */,
				DAC65C461DF2D5070090369A /* PictureCommentViewController.xib */,
				DAC65C471DF2D5070090369A /* PictureViewController.h */,
				DAC65C481DF2D5070090369A /* PictureViewController.m */,
			);
			path = Controller;
			sourceTree = "<group>";
		};
		DAC65C491DF2D5070090369A /* Model */ = {
			isa = PBXGroup;
			children = (
				DAC65C4A1DF2D5070090369A /* TTPicture.h */,
				DAC65C4B1DF2D5070090369A /* TTPicture.m */,
				DAC65C4C1DF2D5070090369A /* TTPictureComment.h */,
				DAC65C4D1DF2D5070090369A /* TTPictureComment.m */,
				DAC65C4E1DF2D5070090369A /* TTPictureUser.h */,
				DAC65C4F1DF2D5070090369A /* TTPictureUser.m */,
			);
			path = Model;
			sourceTree = "<group>";
		};
		DAC65C501DF2D5070090369A /* View */ = {
			isa = PBXGroup;
			children = (
				DAC65C511DF2D5070090369A /* PictureCommentCell.h */,
				DAC65C521DF2D5070090369A /* PictureCommentCell.m */,
				DAC65C531DF2D5070090369A /* PictureCommentCell.xib */,
				DAC65C541DF2D5070090369A /* PictureTableViewCell.h */,
				DAC65C551DF2D5070090369A /* PictureTableViewCell.m */,
				DAC65C561DF2D5070090369A /* PictureTableViewCell.xib */,
				DAC65C571DF2D5070090369A /* ShowBigPictureViewController.h */,
				DAC65C581DF2D5070090369A /* ShowBigPictureViewController.m */,
				DAC65C591DF2D5070090369A /* ShowBigPictureViewController.xib */,
			);
			path = View;
			sourceTree = "<group>";
		};
		DAC65C5A1DF2D5080090369A /* Video */ = {
			isa = PBXGroup;
			children = (
				DAC65C5B1DF2D5080090369A /* Controller */,
				DAC65C611DF2D5080090369A /* Model */,
				DAC65C681DF2D5080090369A /* VideoPlay */,
				DAC65C6E1DF2D5080090369A /* View */,
			);
			path = Video;
			sourceTree = "<group>";
		};
		DAC65C5B1DF2D5080090369A /* Controller */ = {
			isa = PBXGroup;
			children = (
				DAC65C5C1DF2D5080090369A /* VideoCommentViewController.h */,
				DAC65C5D1DF2D5080090369A /* VideoCommentViewController.m */,
				DAC65C5E1DF2D5080090369A /* VideoCommentViewController.xib */,
				DAC65C5F1DF2D5080090369A /* VideoViewController.h */,
				DAC65C601DF2D5080090369A /* VideoViewController.m */,
			);
			path = Controller;
			sourceTree = "<group>";
		};
		DAC65C611DF2D5080090369A /* Model */ = {
			isa = PBXGroup;
			children = (
				DAC65C621DF2D5080090369A /* TTVideo.h */,
				DAC65C631DF2D5080090369A /* TTVideo.m */,
				DAC65C641DF2D5080090369A /* TTVideoComment.h */,
				DAC65C651DF2D5080090369A /* TTVideoComment.m */,
				DAC65C661DF2D5080090369A /* TTVideoUser.h */,
				DAC65C671DF2D5080090369A /* TTVideoUser.m */,
			);
			path = Model;
			sourceTree = "<group>";
		};
		DAC65C681DF2D5080090369A /* VideoPlay */ = {
			isa = PBXGroup;
			children = (
				DAC65C691DF2D5080090369A /* FullViewController.h */,
				DAC65C6A1DF2D5080090369A /* FullViewController.m */,
				DAC65C6B1DF2D5080090369A /* VideoPlayView.h */,
				DAC65C6C1DF2D5080090369A /* VideoPlayView.m */,
				DAC65C6D1DF2D5080090369A /* VideoPlayView.xib */,
			);
			path = VideoPlay;
			sourceTree = "<group>";
		};
		DAC65C6E1DF2D5080090369A /* View */ = {
			isa = PBXGroup;
			children = (
				DAC65C6F1DF2D5080090369A /* VideoCommentCell.h */,
				DAC65C701DF2D5080090369A /* VideoCommentCell.m */,
				DAC65C711DF2D5080090369A /* VideoCommentCell.xib */,
				DAC65C721DF2D5080090369A /* VideoTableViewCell.h */,
				DAC65C731DF2D5080090369A /* VideoTableViewCell.m */,
				DAC65C741DF2D5080090369A /* VideoTableViewCell.xib */,
			);
			path = View;
			sourceTree = "<group>";
		};
		DAC65CEB1DF311430090369A /* Main */ = {
			isa = PBXGroup;
			children = (
				DAC65CEC1DF311430090369A /* AppDelegate.h */,
				DAC65CED1DF311430090369A /* AppDelegate.m */,
				DAC65CF01DF311430090369A /* TTBaseViewController.h */,
				DAC65CF11DF311430090369A /* TTBaseViewController.m */,
				DAC65CF21DF311430090369A /* TTNavigationController.h */,
				DAC65CF31DF311430090369A /* TTNavigationController.m */,
				DAC65CF41DF311430090369A /* TTTabBarController.h */,
				DAC65CF51DF311430090369A /* TTTabBarController.m */,
				DAC65CEE1DF311430090369A /* TTBaseModel.h */,
				DAC65CEF1DF311430090369A /* TTBaseModel.m */,
			);
			path = Main;
			sourceTree = "<group>";
		};
		EE4635BA1CC72B8900DB248F = {
			isa = PBXGroup;
			children = (
				EE4635C51CC72B8900DB248F /* TTNews */,
				EE4635DF1CC72B8A00DB248F /* TTNewsTests */,
				EE4635EA1CC72B8A00DB248F /* TTNewsUITests */,
				EE4635C41CC72B8900DB248F /* Products */,
				F727A1FF6C5894F566FCBAC8 /* Pods */,
				D5D8F8381B041320DAA9C5AE /* Frameworks */,
			);
			sourceTree = "<group>";
		};
		EE4635C41CC72B8900DB248F /* Products */ = {
			isa = PBXGroup;
			children = (
				EE4635C31CC72B8900DB248F /* TTNews.app */,
				EE4635DC1CC72B8A00DB248F /* TTNewsTests.xctest */,
				EE4635E71CC72B8A00DB248F /* TTNewsUITests.xctest */,
			);
			name = Products;
			sourceTree = "<group>";
		};
		EE4635C51CC72B8900DB248F /* TTNews */ = {
			isa = PBXGroup;
			children = (
				DAC65BB91DF2D5070090369A /* Source */,
				EE4635C61CC72B8900DB248F /* Supporting Files */,
			);
			path = TTNews;
			sourceTree = "<group>";
		};
		EE4635C61CC72B8900DB248F /* Supporting Files */ = {
			isa = PBXGroup;
			children = (
				EE4636B71CC7499D00DB248F /* LaunchScreen.xib */,
				EE4635D21CC72B8900DB248F /* Assets.xcassets */,
				EE4635D71CC72B8900DB248F /* Info.plist */,
				EE4635C71CC72B8900DB248F /* main.m */,
				EE4BEB5C1D5480E400B4A035 /* NewsURLs.plist */,
				DA2F26D01DDDE495002BD87B /* TTDefines.h */,
				DAAEBD421DF2B054002D82CF /* TTNews.pch */,
			);
			name = "Supporting Files";
			sourceTree = "<group>";
		};
		EE4635DF1CC72B8A00DB248F /* TTNewsTests */ = {
			isa = PBXGroup;
			children = (
				EE4635E01CC72B8A00DB248F /* TTNewsTests.m */,
				EE4635E21CC72B8A00DB248F /* Info.plist */,
			);
			path = TTNewsTests;
			sourceTree = "<group>";
		};
		EE4635EA1CC72B8A00DB248F /* TTNewsUITests */ = {
			isa = PBXGroup;
			children = (
				EE4635EB1CC72B8A00DB248F /* TTNewsUITests.m */,
				EE4635ED1CC72B8A00DB248F /* Info.plist */,
			);
			path = TTNewsUITests;
			sourceTree = "<group>";
		};
		F727A1FF6C5894F566FCBAC8 /* Pods */ = {
			isa = PBXGroup;
			children = (
				96E44656E97FFEA8726671D5 /* Pods-TTNews.debug.xcconfig */,
				132552EF2D80D2E4365ED3F2 /* Pods-TTNews.release.xcconfig */,
				721F57CF16949E7ACBD32EB8 /* Pods-TTNewsTests.debug.xcconfig */,
				BD2F2D1CCC7CC93810CE5EB9 /* Pods-TTNewsTests.release.xcconfig */,
				373F4821046AAF12624F5518 /* Pods-TTNewsUITests.debug.xcconfig */,
				464D9516F5B826C135440B72 /* Pods-TTNewsUITests.release.xcconfig */,
			);
			name = Pods;
			sourceTree = "<group>";
		};
/* End PBXGroup section */

/* Begin PBXNativeTarget section */
		EE4635C21CC72B8900DB248F /* TTNews */ = {
			isa = PBXNativeTarget;
			buildConfigurationList = EE4635F01CC72B8A00DB248F /* Build configuration list for PBXNativeTarget "TTNews" */;
			buildPhases = (
				5133DFF4458AAE4D01728C27 /* [CP] Check Pods Manifest.lock */,
				EE4635BF1CC72B8900DB248F /* Sources */,
				EE4635C01CC72B8900DB248F /* Frameworks */,
				EE4635C11CC72B8900DB248F /* Resources */,
				72E303317AF96BBA62BA6B9B /* [CP] Embed Pods Frameworks */,
				F826C4E4D5A9FE36B5071E81 /* [CP] Copy Pods Resources */,
			);
			buildRules = (
			);
			dependencies = (
			);
			name = TTNews;
			productName = TTNews;
			productReference = EE4635C31CC72B8900DB248F /* TTNews.app */;
			productType = "com.apple.product-type.application";
		};
		EE4635DB1CC72B8A00DB248F /* TTNewsTests */ = {
			isa = PBXNativeTarget;
			buildConfigurationList = EE4635F31CC72B8A00DB248F /* Build configuration list for PBXNativeTarget "TTNewsTests" */;
			buildPhases = (
				84A7053DA5768268CA502E63 /* [CP] Check Pods Manifest.lock */,
				EE4635D81CC72B8A00DB248F /* Sources */,
				EE4635D91CC72B8A00DB248F /* Frameworks */,
				EE4635DA1CC72B8A00DB248F /* Resources */,
				EC74ED1E663C50BA3CB7D170 /* [CP] Embed Pods Frameworks */,
				CDB7FB8CCAE1C4A83EDB6D4C /* [CP] Copy Pods Resources */,
			);
			buildRules = (
			);
			dependencies = (
				EE4635DE1CC72B8A00DB248F /* PBXTargetDependency */,
			);
			name = TTNewsTests;
			productName = TTNewsTests;
			productReference = EE4635DC1CC72B8A00DB248F /* TTNewsTests.xctest */;
			productType = "com.apple.product-type.bundle.unit-test";
		};
		EE4635E61CC72B8A00DB248F /* TTNewsUITests */ = {
			isa = PBXNativeTarget;
			buildConfigurationList = EE4635F61CC72B8A00DB248F /* Build configuration list for PBXNativeTarget "TTNewsUITests" */;
			buildPhases = (
				5C1204ABE3A809CE2995289D /* [CP] Check Pods Manifest.lock */,
				EE4635E31CC72B8A00DB248F /* Sources */,
				EE4635E41CC72B8A00DB248F /* Frameworks */,
				EE4635E51CC72B8A00DB248F /* Resources */,
				78FFB72F13CAE166CD50AEC6 /* [CP] Copy Pods Resources */,
			);
			buildRules = (
			);
			dependencies = (
				EE4635E91CC72B8A00DB248F /* PBXTargetDependency */,
			);
			name = TTNewsUITests;
			productName = TTNewsUITests;
			productReference = EE4635E71CC72B8A00DB248F /* TTNewsUITests.xctest */;
			productType = "com.apple.product-type.bundle.ui-testing";
		};
/* End PBXNativeTarget section */

/* Begin PBXProject section */
		EE4635BB1CC72B8900DB248F /* Project object */ = {
			isa = PBXProject;
			attributes = {
				LastUpgradeCheck = 0730;
				ORGANIZATIONNAME = TTNews;
				TargetAttributes = {
					EE4635C21CC72B8900DB248F = {
						CreatedOnToolsVersion = 7.3;
						DevelopmentTeam = GW7ZRB8ABG;
					};
					EE4635DB1CC72B8A00DB248F = {
						CreatedOnToolsVersion = 7.3;
						DevelopmentTeam = FJ2RR7PUE2;
						TestTargetID = EE4635C21CC72B8900DB248F;
					};
					EE4635E61CC72B8A00DB248F = {
						CreatedOnToolsVersion = 7.3;
						DevelopmentTeam = FJ2RR7PUE2;
						TestTargetID = EE4635C21CC72B8900DB248F;
					};
				};
			};
			buildConfigurationList = EE4635BE1CC72B8900DB248F /* Build configuration list for PBXProject "TTNews" */;
			compatibilityVersion = "Xcode 3.2";
			developmentRegion = English;
			hasScannedForEncodings = 0;
			knownRegions = (
				en,
				Base,
			);
			mainGroup = EE4635BA1CC72B8900DB248F;
			productRefGroup = EE4635C41CC72B8900DB248F /* Products */;
			projectDirPath = "";
			projectRoot = "";
			targets = (
				EE4635C21CC72B8900DB248F /* TTNews */,
				EE4635DB1CC72B8A00DB248F /* TTNewsTests */,
				EE4635E61CC72B8A00DB248F /* TTNewsUITests */,
			);
		};
/* End PBXProject section */

/* Begin PBXResourcesBuildPhase section */
		EE4635C11CC72B8900DB248F /* Resources */ = {
			isa = PBXResourcesBuildPhase;
			buildActionMask = 2147483647;
			files = (
				DAC65CBF1DF2D5080090369A /* PictureCommentCell.xib in Resources */,
				DAC65C821DF2D5080090369A /* TTMailRegisterViewController.xib in Resources */,
				DAC65C7A1DF2D5080090369A /* EditUserInfoViewController.xib in Resources */,
				EE4635D31CC72B8900DB248F /* Assets.xcassets in Resources */,
				DAC65CC51DF2D5080090369A /* VideoCommentViewController.xib in Resources */,
				EE4636B81CC7499D00DB248F /* LaunchScreen.xib in Resources */,
				DAC65CA01DF2D5080090369A /* TopTextTableViewCell.xib in Resources */,
				DAC65CCE1DF2D5080090369A /* VideoCommentCell.xib in Resources */,
				DAC65C981DF2D5080090369A /* MultiPictureTableViewCell.xib in Resources */,
				DAC65C801DF2D5080090369A /* TTLoginViewController.xib in Resources */,
				DAC65C951DF2D5080090369A /* ChannelCollectionViewCell.xib in Resources */,
				DAC65C781DF2D5080090369A /* AppInfoViewController.xib in Resources */,
				DAC65CC31DF2D5080090369A /* ShowBigPictureViewController.xib in Resources */,
				DAC65C841DF2D5080090369A /* TTRegisterViewController.xib in Resources */,
				DAC65C7E1DF2D5080090369A /* TTFindPasswordViewController.xib in Resources */,
				DAC65CCC1DF2D5080090369A /* VideoPlayView.xib in Resources */,
				DAC65C9A1DF2D5080090369A /* NoPictureNewsTableViewCell.xib in Resources */,
				DAC65CD01DF2D5080090369A /* VideoTableViewCell.xib in Resources */,
				DAC65CB91DF2D5080090369A /* PictureCommentViewController.xib in Resources */,
				DAC65C9C1DF2D5080090369A /* SinglePictureNewsTableViewCell.xib in Resources */,
				EE4BEB5D1D5480E400B4A035 /* NewsURLs.plist in Resources */,
				DAC65CC11DF2D5080090369A /* PictureTableViewCell.xib in Resources */,
				DAC65C931DF2D5080090369A /* BigPictureTableViewCell.xib in Resources */,
				DAC65C9E1DF2D5080090369A /* TopPictureTableViewCell.xib in Resources */,
			);
			runOnlyForDeploymentPostprocessing = 0;
		};
		EE4635DA1CC72B8A00DB248F /* Resources */ = {
			isa = PBXResourcesBuildPhase;
			buildActionMask = 2147483647;
			files = (
			);
			runOnlyForDeploymentPostprocessing = 0;
		};
		EE4635E51CC72B8A00DB248F /* Resources */ = {
			isa = PBXResourcesBuildPhase;
			buildActionMask = 2147483647;
			files = (
			);
			runOnlyForDeploymentPostprocessing = 0;
		};
/* End PBXResourcesBuildPhase section */

/* Begin PBXShellScriptBuildPhase section */
		5133DFF4458AAE4D01728C27 /* [CP] Check Pods Manifest.lock */ = {
			isa = PBXShellScriptBuildPhase;
			buildActionMask = 2147483647;
			files = (
			);
			inputPaths = (
			);
			name = "[CP] Check Pods Manifest.lock";
			outputPaths = (
			);
			runOnlyForDeploymentPostprocessing = 0;
			shellPath = /bin/sh;
			shellScript = "diff \"${PODS_ROOT}/../Podfile.lock\" \"${PODS_ROOT}/Manifest.lock\" > /dev/null\nif [[ $? != 0 ]] ; then\n    cat << EOM\nerror: The sandbox is not in sync with the Podfile.lock. Run 'pod install' or update your CocoaPods installation.\nEOM\n    exit 1\nfi\n";
			showEnvVarsInLog = 0;
		};
		5C1204ABE3A809CE2995289D /* [CP] Check Pods Manifest.lock */ = {
			isa = PBXShellScriptBuildPhase;
			buildActionMask = 2147483647;
			files = (
			);
			inputPaths = (
			);
			name = "[CP] Check Pods Manifest.lock";
			outputPaths = (
			);
			runOnlyForDeploymentPostprocessing = 0;
			shellPath = /bin/sh;
			shellScript = "diff \"${PODS_ROOT}/../Podfile.lock\" \"${PODS_ROOT}/Manifest.lock\" > /dev/null\nif [[ $? != 0 ]] ; then\n    cat << EOM\nerror: The sandbox is not in sync with the Podfile.lock. Run 'pod install' or update your CocoaPods installation.\nEOM\n    exit 1\nfi\n";
			showEnvVarsInLog = 0;
		};
		72E303317AF96BBA62BA6B9B /* [CP] Embed Pods Frameworks */ = {
			isa = PBXShellScriptBuildPhase;
			buildActionMask = 2147483647;
			files = (
			);
			inputPaths = (
			);
			name = "[CP] Embed Pods Frameworks";
			outputPaths = (
			);
			runOnlyForDeploymentPostprocessing = 0;
			shellPath = /bin/sh;
			shellScript = "\"${SRCROOT}/Pods/Target Support Files/Pods-TTNews/Pods-TTNews-frameworks.sh\"\n";
			showEnvVarsInLog = 0;
		};
		78FFB72F13CAE166CD50AEC6 /* [CP] Copy Pods Resources */ = {
			isa = PBXShellScriptBuildPhase;
			buildActionMask = 2147483647;
			files = (
			);
			inputPaths = (
			);
			name = "[CP] Copy Pods Resources";
			outputPaths = (
			);
			runOnlyForDeploymentPostprocessing = 0;
			shellPath = /bin/sh;
			shellScript = "\"${SRCROOT}/Pods/Target Support Files/Pods-TTNewsUITests/Pods-TTNewsUITests-resources.sh\"\n";
			showEnvVarsInLog = 0;
		};
		84A7053DA5768268CA502E63 /* [CP] Check Pods Manifest.lock */ = {
			isa = PBXShellScriptBuildPhase;
			buildActionMask = 2147483647;
			files = (
			);
			inputPaths = (
			);
			name = "[CP] Check Pods Manifest.lock";
			outputPaths = (
			);
			runOnlyForDeploymentPostprocessing = 0;
			shellPath = /bin/sh;
			shellScript = "diff \"${PODS_ROOT}/../Podfile.lock\" \"${PODS_ROOT}/Manifest.lock\" > /dev/null\nif [[ $? != 0 ]] ; then\n    cat << EOM\nerror: The sandbox is not in sync with the Podfile.lock. Run 'pod install' or update your CocoaPods installation.\nEOM\n    exit 1\nfi\n";
			showEnvVarsInLog = 0;
		};
		CDB7FB8CCAE1C4A83EDB6D4C /* [CP] Copy Pods Resources */ = {
			isa = PBXShellScriptBuildPhase;
			buildActionMask = 2147483647;
			files = (
			);
			inputPaths = (
			);
			name = "[CP] Copy Pods Resources";
			outputPaths = (
			);
			runOnlyForDeploymentPostprocessing = 0;
			shellPath = /bin/sh;
			shellScript = "\"${SRCROOT}/Pods/Target Support Files/Pods-TTNewsTests/Pods-TTNewsTests-resources.sh\"\n";
			showEnvVarsInLog = 0;
		};
		EC74ED1E663C50BA3CB7D170 /* [CP] Embed Pods Frameworks */ = {
			isa = PBXShellScriptBuildPhase;
			buildActionMask = 2147483647;
			files = (
			);
			inputPaths = (
			);
			name = "[CP] Embed Pods Frameworks";
			outputPaths = (
			);
			runOnlyForDeploymentPostprocessing = 0;
			shellPath = /bin/sh;
			shellScript = "\"${SRCROOT}/Pods/Target Support Files/Pods-TTNewsTests/Pods-TTNewsTests-frameworks.sh\"\n";
			showEnvVarsInLog = 0;
		};
		F826C4E4D5A9FE36B5071E81 /* [CP] Copy Pods Resources */ = {
			isa = PBXShellScriptBuildPhase;
			buildActionMask = 2147483647;
			files = (
			);
			inputPaths = (
			);
			name = "[CP] Copy Pods Resources";
			outputPaths = (
			);
			runOnlyForDeploymentPostprocessing = 0;
			shellPath = /bin/sh;
			shellScript = "\"${SRCROOT}/Pods/Target Support Files/Pods-TTNews/Pods-TTNews-resources.sh\"\n";
			showEnvVarsInLog = 0;
		};
/* End PBXShellScriptBuildPhase section */

/* Begin PBXSourcesBuildPhase section */
		EE4635BF1CC72B8900DB248F /* Sources */ = {
			isa = PBXSourcesBuildPhase;
			buildActionMask = 2147483647;
			files = (
				DAC65CC41DF2D5080090369A /* VideoCommentViewController.m in Sources */,
				DAC65C7F1DF2D5080090369A /* TTLoginViewController.m in Sources */,
				DAC65CA31DF2D5080090369A /* Foundation+Log.m in Sources */,
				DAC65C8F1DF2D5080090369A /* TTHeaderNews.m in Sources */,
				DAC65C751DF2D5080090369A /* MHFacebookImageViewer.m in Sources */,
				DAC65CC81DF2D5080090369A /* TTVideoComment.m in Sources */,
				DAC65C971DF2D5080090369A /* MultiPictureTableViewCell.m in Sources */,
				DAC65C8A1DF2D5080090369A /* DetailViewController.m in Sources */,
				DAC65CCF1DF2D5080090369A /* VideoTableViewCell.m in Sources */,
				DAC65CA11DF2D5080090369A /* TTImageCyclePlayView.m in Sources */,
				DAC65CA41DF2D5080090369A /* NSDate+Extension.m in Sources */,
				DAC65C7B1DF2D5080090369A /* MeTableViewController.m in Sources */,
				DAC65CAF1DF2D5080090369A /* TTPictureFetchDataParameter.m in Sources */,
				DAC65C881DF2D5080090369A /* UserInfoCell.m in Sources */,
				EE4635C81CC72B8900DB248F /* main.m in Sources */,
				DAC65CFA1DF311430090369A /* TTTabBarController.m in Sources */,
				DAC65CAD1DF2D5080090369A /* TTNetworkManager.m in Sources */,
				DAC65CBB1DF2D5080090369A /* TTPicture.m in Sources */,
				DAC65C941DF2D5080090369A /* ChannelCollectionViewCell.m in Sources */,
				DAC65CF71DF311430090369A /* TTBaseModel.m in Sources */,
				DAC65CC71DF2D5080090369A /* TTVideo.m in Sources */,
				DAC65C861DF2D5080090369A /* SwitchCell.m in Sources */,
				DAC65C901DF2D5080090369A /* TTNormalNews.m in Sources */,
				DAC65CA81DF2D5080090369A /* UIImage+Extension.m in Sources */,
				DAC65C9F1DF2D5080090369A /* TopTextTableViewCell.m in Sources */,
				DAC65CA51DF2D5080090369A /* NSObject+Extension.m in Sources */,
				DAC65CBA1DF2D5080090369A /* PictureViewController.m in Sources */,
				DAC65CCD1DF2D5080090369A /* VideoCommentCell.m in Sources */,
				DAC65CE91DF307900090369A /* SXNetworkTools.m in Sources */,
				DAC65CEA1DF307900090369A /* SXNewsEntity.m in Sources */,
				DAC65CB81DF2D5080090369A /* PictureCommentViewController.m in Sources */,
				DAC65CA91DF2D5080090369A /* UIImageView+Extension.m in Sources */,
				DAC65CC91DF2D5080090369A /* TTVideoUser.m in Sources */,
				DAC65C7C1DF2D5080090369A /* SendFeedbackViewController.m in Sources */,
				DAC65C9D1DF2D5080090369A /* TopPictureTableViewCell.m in Sources */,
				DAC65C7D1DF2D5080090369A /* TTFindPasswordViewController.m in Sources */,
				DAC65C771DF2D5080090369A /* AppInfoViewController.m in Sources */,
				DAC65C891DF2D5080090369A /* ContentTableViewController.m in Sources */,
				DAC65CB01DF2D5080090369A /* TTVideoFetchDataParameter.m in Sources */,
				DAC65CAA1DF2D5080090369A /* UIView+Extension.m in Sources */,
				DAC65CAE1DF2D5080090369A /* TTNormalNewsFetchDataParameter.m in Sources */,
				DAC65C911DF2D5080090369A /* TWNewsEntity.m in Sources */,
				DAC65C991DF2D5080090369A /* NoPictureNewsTableViewCell.m in Sources */,
				DAC65CB71DF2D5080090369A /* TTJudgeNetworking.m in Sources */,
				DAC65CAC1DF2D5080090369A /* TTDataTool.m in Sources */,
				DAC65C761DF2D5080090369A /* UIImageView+MHFacebookImageViewer.m in Sources */,
				DAC65CCB1DF2D5080090369A /* VideoPlayView.m in Sources */,
				DAC65CCA1DF2D5080090369A /* FullViewController.m in Sources */,
				DAC65CF81DF311430090369A /* TTBaseViewController.m in Sources */,
				DAC65CA61DF2D5080090369A /* NSString+Extension.m in Sources */,
				DAC65C851DF2D5080090369A /* DisclosureCell.m in Sources */,
				DAC65CF61DF311430090369A /* AppDelegate.m in Sources */,
				DAC65C961DF2D5080090369A /* ChannelsSectionHeaderView.m in Sources */,
				DAC65C921DF2D5080090369A /* BigPictureTableViewCell.m in Sources */,
				DAC65C9B1DF2D5080090369A /* SinglePictureNewsTableViewCell.m in Sources */,
				DAC65CC21DF2D5080090369A /* ShowBigPictureViewController.m in Sources */,
				DAC65C8C1DF2D5080090369A /* ShowMultiPictureViewController.m in Sources */,
				DAC65CC61DF2D5080090369A /* VideoViewController.m in Sources */,
				DAC65CBC1DF2D5080090369A /* TTPictureComment.m in Sources */,
				DAC65C811DF2D5080090369A /* TTMailRegisterViewController.m in Sources */,
				DAC65CF91DF311430090369A /* TTNavigationController.m in Sources */,
				DAC65CAB1DF2D5080090369A /* TTConst.m in Sources */,
				DAC65CA21DF2D5080090369A /* TTTopChannelContianerView.m in Sources */,
				DAC65CC01DF2D5080090369A /* PictureTableViewCell.m in Sources */,
				DAC65C871DF2D5080090369A /* TwoLabelCell.m in Sources */,
				DAC65C8B1DF2D5080090369A /* NewsViewController.m in Sources */,
				DAC65CA71DF2D5080090369A /* UIBarButtonItem+Extension.m in Sources */,
				DAC65C831DF2D5080090369A /* TTRegisterViewController.m in Sources */,
				DAC65CBD1DF2D5080090369A /* TTPictureUser.m in Sources */,
				DAC65CBE1DF2D5080090369A /* PictureCommentCell.m in Sources */,
				DAC65CB61DF2D5080090369A /* Reachability.m in Sources */,
				DAC65C791DF2D5080090369A /* EditUserInfoViewController.m in Sources */,
			);
			runOnlyForDeploymentPostprocessing = 0;
		};
		EE4635D81CC72B8A00DB248F /* Sources */ = {
			isa = PBXSourcesBuildPhase;
			buildActionMask = 2147483647;
			files = (
				EE4635E11CC72B8A00DB248F /* TTNewsTests.m in Sources */,
			);
			runOnlyForDeploymentPostprocessing = 0;
		};
		EE4635E31CC72B8A00DB248F /* Sources */ = {
			isa = PBXSourcesBuildPhase;
			buildActionMask = 2147483647;
			files = (
				EE4635EC1CC72B8A00DB248F /* TTNewsUITests.m in Sources */,
			);
			runOnlyForDeploymentPostprocessing = 0;
		};
/* End PBXSourcesBuildPhase section */

/* Begin PBXTargetDependency section */
		EE4635DE1CC72B8A00DB248F /* PBXTargetDependency */ = {
			isa = PBXTargetDependency;
			target = EE4635C21CC72B8900DB248F /* TTNews */;
			targetProxy = EE4635DD1CC72B8A00DB248F /* PBXContainerItemProxy */;
		};
		EE4635E91CC72B8A00DB248F /* PBXTargetDependency */ = {
			isa = PBXTargetDependency;
			target = EE4635C21CC72B8900DB248F /* TTNews */;
			targetProxy = EE4635E81CC72B8A00DB248F /* PBXContainerItemProxy */;
		};
/* End PBXTargetDependency section */

/* Begin XCBuildConfiguration section */
		EE4635EE1CC72B8A00DB248F /* Debug */ = {
			isa = XCBuildConfiguration;
			buildSettings = {
				ALWAYS_SEARCH_USER_PATHS = NO;
				CLANG_ANALYZER_NONNULL = YES;
				CLANG_CXX_LANGUAGE_STANDARD = "gnu++0x";
				CLANG_CXX_LIBRARY = "libc++";
				CLANG_ENABLE_MODULES = YES;
				CLANG_ENABLE_OBJC_ARC = YES;
				CLANG_WARN_BOOL_CONVERSION = YES;
				CLANG_WARN_CONSTANT_CONVERSION = YES;
				CLANG_WARN_DIRECT_OBJC_ISA_USAGE = YES_ERROR;
				CLANG_WARN_EMPTY_BODY = YES;
				CLANG_WARN_ENUM_CONVERSION = YES;
				CLANG_WARN_INT_CONVERSION = YES;
				CLANG_WARN_OBJC_ROOT_CLASS = YES_ERROR;
				CLANG_WARN_UNREACHABLE_CODE = YES;
				CLANG_WARN__DUPLICATE_METHOD_MATCH = YES;
				CODE_SIGN_IDENTITY = "iPhone Developer";
				"CODE_SIGN_IDENTITY[sdk=iphoneos*]" = "iPhone Developer";
				COPY_PHASE_STRIP = NO;
				DEBUG_INFORMATION_FORMAT = dwarf;
				ENABLE_STRICT_OBJC_MSGSEND = YES;
				ENABLE_TESTABILITY = YES;
				GCC_C_LANGUAGE_STANDARD = gnu99;
				GCC_DYNAMIC_NO_PIC = NO;
				GCC_NO_COMMON_BLOCKS = YES;
				GCC_OPTIMIZATION_LEVEL = 0;
				GCC_PREPROCESSOR_DEFINITIONS = (
					"DEBUG=1",
					"$(inherited)",
				);
				GCC_WARN_64_TO_32_BIT_CONVERSION = YES;
				GCC_WARN_ABOUT_RETURN_TYPE = YES_ERROR;
				GCC_WARN_UNDECLARED_SELECTOR = YES;
				GCC_WARN_UNINITIALIZED_AUTOS = YES_AGGRESSIVE;
				GCC_WARN_UNUSED_FUNCTION = YES;
				GCC_WARN_UNUSED_VARIABLE = YES;
				IPHONEOS_DEPLOYMENT_TARGET = 9.3;
				MTL_ENABLE_DEBUG_INFO = YES;
				ONLY_ACTIVE_ARCH = YES;
				SDKROOT = iphoneos;
				TARGETED_DEVICE_FAMILY = "1,2";
			};
			name = Debug;
		};
		EE4635EF1CC72B8A00DB248F /* Release */ = {
			isa = XCBuildConfiguration;
			buildSettings = {
				ALWAYS_SEARCH_USER_PATHS = NO;
				CLANG_ANALYZER_NONNULL = YES;
				CLANG_CXX_LANGUAGE_STANDARD = "gnu++0x";
				CLANG_CXX_LIBRARY = "libc++";
				CLANG_ENABLE_MODULES = YES;
				CLANG_ENABLE_OBJC_ARC = YES;
				CLANG_WARN_BOOL_CONVERSION = YES;
				CLANG_WARN_CONSTANT_CONVERSION = YES;
				CLANG_WARN_DIRECT_OBJC_ISA_USAGE = YES_ERROR;
				CLANG_WARN_EMPTY_BODY = YES;
				CLANG_WARN_ENUM_CONVERSION = YES;
				CLANG_WARN_INT_CONVERSION = YES;
				CLANG_WARN_OBJC_ROOT_CLASS = YES_ERROR;
				CLANG_WARN_UNREACHABLE_CODE = YES;
				CLANG_WARN__DUPLICATE_METHOD_MATCH = YES;
				CODE_SIGN_IDENTITY = "iPhone Developer";
				"CODE_SIGN_IDENTITY[sdk=iphoneos*]" = "iPhone Developer";
				COPY_PHASE_STRIP = NO;
				DEBUG_INFORMATION_FORMAT = "dwarf-with-dsym";
				ENABLE_NS_ASSERTIONS = NO;
				ENABLE_STRICT_OBJC_MSGSEND = YES;
				GCC_C_LANGUAGE_STANDARD = gnu99;
				GCC_NO_COMMON_BLOCKS = YES;
				GCC_WARN_64_TO_32_BIT_CONVERSION = YES;
				GCC_WARN_ABOUT_RETURN_TYPE = YES_ERROR;
				GCC_WARN_UNDECLARED_SELECTOR = YES;
				GCC_WARN_UNINITIALIZED_AUTOS = YES_AGGRESSIVE;
				GCC_WARN_UNUSED_FUNCTION = YES;
				GCC_WARN_UNUSED_VARIABLE = YES;
				IPHONEOS_DEPLOYMENT_TARGET = 9.3;
				MTL_ENABLE_DEBUG_INFO = NO;
				SDKROOT = iphoneos;
				TARGETED_DEVICE_FAMILY = "1,2";
				VALIDATE_PRODUCT = YES;
			};
			name = Release;
		};
		EE4635F11CC72B8A00DB248F /* Debug */ = {
			isa = XCBuildConfiguration;
			baseConfigurationReference = 96E44656E97FFEA8726671D5 /* Pods-TTNews.debug.xcconfig */;
			buildSettings = {
				ASSETCATALOG_COMPILER_APPICON_NAME = AppIcon;
				CODE_SIGN_IDENTITY = "iPhone Developer";
				"CODE_SIGN_IDENTITY[sdk=iphoneos*]" = "iPhone Developer";
				DEVELOPMENT_TEAM = GW7ZRB8ABG;
				GCC_PRECOMPILE_PREFIX_HEADER = YES;
				GCC_PREFIX_HEADER = "$(SRCROOT)/TTNews/TTNews.pch";
				INFOPLIST_FILE = TTNews/Info.plist;
				IPHONEOS_DEPLOYMENT_TARGET = 8.0;
				LD_RUNPATH_SEARCH_PATHS = "$(inherited) @executable_path/Frameworks";
				PRODUCT_BUNDLE_IDENTIFIER = com.news.tanwei;
				PRODUCT_NAME = "$(TARGET_NAME)";
				PROVISIONING_PROFILE = "";
			};
			name = Debug;
		};
		EE4635F21CC72B8A00DB248F /* Release */ = {
			isa = XCBuildConfiguration;
			baseConfigurationReference = 132552EF2D80D2E4365ED3F2 /* Pods-TTNews.release.xcconfig */;
			buildSettings = {
				ASSETCATALOG_COMPILER_APPICON_NAME = AppIcon;
				CODE_SIGN_IDENTITY = "iPhone Developer";
				"CODE_SIGN_IDENTITY[sdk=iphoneos*]" = "iPhone Developer";
				DEVELOPMENT_TEAM = GW7ZRB8ABG;
				GCC_PRECOMPILE_PREFIX_HEADER = YES;
				GCC_PREFIX_HEADER = "$(SRCROOT)/TTNews/TTNews.pch";
				INFOPLIST_FILE = TTNews/Info.plist;
				IPHONEOS_DEPLOYMENT_TARGET = 8.0;
				LD_RUNPATH_SEARCH_PATHS = "$(inherited) @executable_path/Frameworks";
				PRODUCT_BUNDLE_IDENTIFIER = com.news.tanwei;
				PRODUCT_NAME = "$(TARGET_NAME)";
				PROVISIONING_PROFILE = "";
			};
			name = Release;
		};
		EE4635F41CC72B8A00DB248F /* Debug */ = {
			isa = XCBuildConfiguration;
			baseConfigurationReference = 721F57CF16949E7ACBD32EB8 /* Pods-TTNewsTests.debug.xcconfig */;
			buildSettings = {
				BUNDLE_LOADER = "$(TEST_HOST)";
				INFOPLIST_FILE = TTNewsTests/Info.plist;
				LD_RUNPATH_SEARCH_PATHS = "$(inherited) @executable_path/Frameworks @loader_path/Frameworks";
				PRODUCT_BUNDLE_IDENTIFIER = yangjunhui.TTNewsTests;
				PRODUCT_NAME = "$(TARGET_NAME)";
				TEST_HOST = "$(BUILT_PRODUCTS_DIR)/TTNews.app/TTNews";
			};
			name = Debug;
		};
		EE4635F51CC72B8A00DB248F /* Release */ = {
			isa = XCBuildConfiguration;
			baseConfigurationReference = BD2F2D1CCC7CC93810CE5EB9 /* Pods-TTNewsTests.release.xcconfig */;
			buildSettings = {
				BUNDLE_LOADER = "$(TEST_HOST)";
				INFOPLIST_FILE = TTNewsTests/Info.plist;
				LD_RUNPATH_SEARCH_PATHS = "$(inherited) @executable_path/Frameworks @loader_path/Frameworks";
				PRODUCT_BUNDLE_IDENTIFIER = yangjunhui.TTNewsTests;
				PRODUCT_NAME = "$(TARGET_NAME)";
				TEST_HOST = "$(BUILT_PRODUCTS_DIR)/TTNews.app/TTNews";
			};
			name = Release;
		};
		EE4635F71CC72B8A00DB248F /* Debug */ = {
			isa = XCBuildConfiguration;
			baseConfigurationReference = 373F4821046AAF12624F5518 /* Pods-TTNewsUITests.debug.xcconfig */;
			buildSettings = {
				INFOPLIST_FILE = TTNewsUITests/Info.plist;
				LD_RUNPATH_SEARCH_PATHS = "$(inherited) @executable_path/Frameworks @loader_path/Frameworks";
				PRODUCT_BUNDLE_IDENTIFIER = yangjunhui.TTNewsUITests;
				PRODUCT_NAME = "$(TARGET_NAME)";
				TEST_TARGET_NAME = TTNews;
			};
			name = Debug;
		};
		EE4635F81CC72B8A00DB248F /* Release */ = {
			isa = XCBuildConfiguration;
			baseConfigurationReference = 464D9516F5B826C135440B72 /* Pods-TTNewsUITests.release.xcconfig */;
			buildSettings = {
				INFOPLIST_FILE = TTNewsUITests/Info.plist;
				LD_RUNPATH_SEARCH_PATHS = "$(inherited) @executable_path/Frameworks @loader_path/Frameworks";
				PRODUCT_BUNDLE_IDENTIFIER = yangjunhui.TTNewsUITests;
				PRODUCT_NAME = "$(TARGET_NAME)";
				TEST_TARGET_NAME = TTNews;
			};
			name = Release;
		};
/* End XCBuildConfiguration section */

/* Begin XCConfigurationList section */
		EE4635BE1CC72B8900DB248F /* Build configuration list for PBXProject "TTNews" */ = {
			isa = XCConfigurationList;
			buildConfigurations = (
				EE4635EE1CC72B8A00DB248F /* Debug */,
				EE4635EF1CC72B8A00DB248F /* Release */,
			);
			defaultConfigurationIsVisible = 0;
			defaultConfigurationName = Release;
		};
		EE4635F01CC72B8A00DB248F /* Build configuration list for PBXNativeTarget "TTNews" */ = {
			isa = XCConfigurationList;
			buildConfigurations = (
				EE4635F11CC72B8A00DB248F /* Debug */,
				EE4635F21CC72B8A00DB248F /* Release */,
			);
			defaultConfigurationIsVisible = 0;
			defaultConfigurationName = Release;
		};
		EE4635F31CC72B8A00DB248F /* Build configuration list for PBXNativeTarget "TTNewsTests" */ = {
			isa = XCConfigurationList;
			buildConfigurations = (
				EE4635F41CC72B8A00DB248F /* Debug */,
				EE4635F51CC72B8A00DB248F /* Release */,
			);
			defaultConfigurationIsVisible = 0;
			defaultConfigurationName = Release;
		};
		EE4635F61CC72B8A00DB248F /* Build configuration list for PBXNativeTarget "TTNewsUITests" */ = {
			isa = XCConfigurationList;
			buildConfigurations = (
				EE4635F71CC72B8A00DB248F /* Debug */,
				EE4635F81CC72B8A00DB248F /* Release */,
			);
			defaultConfigurationIsVisible = 0;
			defaultConfigurationName = Release;
		};
/* End XCConfigurationList section */
	};
	rootObject = EE4635BB1CC72B8900DB248F /* Project object */;
}
